lockfileVersion: '9.0'

settings:
  autoInstallPeers: true
  excludeLinksFromLockfile: false

importers:

  .:
    dependencies:
      '@bods-integrated-data/shared':
        specifier: workspace:^
        version: link:../../shared
    devDependencies:
      mockdate:
        specifier: ^3.0.5
        version: 3.0.5

packages:

  mockdate@3.0.5:
    resolution: {integrity: sha512-iniQP4rj1FhBdBYS/+eQv7j1tadJ9lJtdzgOpvsOHng/GbcDh2Fhdeq+ZRldrPYdXvCyfFUmFeEwEGXZB5I/AQ==}

snapshots:

  mockdate@3.0.5: {}
