lockfileVersion: '9.0'

settings:
  autoInstallPeers: true
  excludeLinksFromLockfile: false

importers:

  .:
    dependencies:
      '@bods-integrated-data/shared':
        specifier: workspace:^
        version: link:../../shared
      fast-xml-parser:
        specifier: ^5.7.0
        version: 5.7.0
      mockdate:
        specifier: ^3.0.5
        version: 3.0.5
      zod:
        specifier: 3.23.8
        version: 3.23.8
    devDependencies:
      '@types/aws-lambda':
        specifier: ^8.10.110
        version: 8.10.145
      '@types/node':
        specifier: ^20.11.19
        version: 20.16.10

packages:

  '@nodable/entities@2.1.0':
    resolution: {integrity: sha512-nyT7T3nbMyBI/lvr6L5TyWbFJAI9FTgVRakNoBqCD+PmID8DzFrrNdLLtHMwMszOtqZa8PAOV24ZqDnQrhQINA==}

  '@types/aws-lambda@8.10.145':
    resolution: {integrity: sha512-dtByW6WiFk5W5Jfgz1VM+YPA21xMXTuSFoLYIDY0L44jDLLflVPtZkYuu3/YxpGcvjzKFBZLU+GyKjR0HOYtyw==}

  '@types/node@20.16.10':
    resolution: {integrity: sha512-vQUKgWTjEIRFCvK6CyriPH3MZYiYlNy0fKiEYHWbcoWLEgs4opurGGKlebrTLqdSMIbXImH6XExNiIyNUv3WpA==}

  fast-xml-builder@1.1.5:
    resolution: {integrity: sha512-4TJn/8FKLeslLAH3dnohXqE3QSoxkhvaMzepOIZytwJXZO69Bfz0HBdDHzOTOon6G59Zrk6VQ2bEiv1t61rfkA==}

  fast-xml-parser@5.7.0:
    resolution: {integrity: sha512-MTcrUoRQ1GSQ9iG3QJzBGquYYYeA7piZaJoIWbPFGbRn6Jj6z7xgoAyi4DrZX4y2ZIQQBF59gc/zmvvejjgoFQ==}
    hasBin: true

  mockdate@3.0.5:
    resolution: {integrity: sha512-iniQP4rj1FhBdBYS/+eQv7j1tadJ9lJtdzgOpvsOHng/GbcDh2Fhdeq+ZRldrPYdXvCyfFUmFeEwEGXZB5I/AQ==}

  path-expression-matcher@1.5.0:
    resolution: {integrity: sha512-cbrerZV+6rvdQrrD+iGMcZFEiiSrbv9Tfdkvnusy6y0x0GKBXREFg/Y65GhIfm0tnLntThhzCnfKwp1WRjeCyQ==}
    engines: {node: '>=14.0.0'}

  strnum@2.2.3:
    resolution: {integrity: sha512-oKx6RUCuHfT3oyVjtnrmn19H1SiCqgJSg+54XqURKp5aCMbrXrhLjRN9TjuwMjiYstZ0MzDrHqkGZ5dFTKd+zg==}

  undici-types@6.19.8:
    resolution: {integrity: sha512-ve2KP6f/JnbPBFyobGHuerC9g1FYGn/F8n1LWTwNxCEzd6IfqTwUQcNXgEtmmQ6DlRrC1hrSrBnCZPokRrDHjw==}

  zod@3.23.8:
    resolution: {integrity: sha512-XBx9AXhXktjUqnepgTiE5flcKIYWi/rme0Eaj+5Y0lftuGBq+jyRu/md4WnuxqgP1ubdpNCsYEYPxrzVHD8d6g==}

snapshots:

  '@nodable/entities@2.1.0': {}

  '@types/aws-lambda@8.10.145': {}

  '@types/node@20.16.10':
    dependencies:
      undici-types: 6.19.8

  fast-xml-builder@1.1.5:
    dependencies:
      path-expression-matcher: 1.5.0

  fast-xml-parser@5.7.0:
    dependencies:
      '@nodable/entities': 2.1.0
      fast-xml-builder: 1.1.5
      path-expression-matcher: 1.5.0
      strnum: 2.2.3

  mockdate@3.0.5: {}

  path-expression-matcher@1.5.0: {}

  strnum@2.2.3: {}

  undici-types@6.19.8: {}

  zod@3.23.8: {}
