lockfileVersion: '6.0'

settings:
  autoInstallPeers: true
  excludeLinksFromLockfile: false

dependencies:
  '@aws-sdk/client-secrets-manager':
    specifier: 3.362.0
    version: 3.362.0
  '@bods-integrated-data/shared':
    specifier: workspace:*
    version: link:../../shared
  kysely:
    specifier: ^0.27.2
    version: 0.27.2
  lambda-log:
    specifier: ^3.1.0
    version: 3.1.0
  pg:
    specifier: ^8.11.3
    version: 8.11.3
  tslib:
    specifier: ^2.6.2
    version: 2.6.2

devDependencies:
  '@types/lambda-log':
    specifier: ^3.0.3
    version: 3.0.3
  '@types/node':
    specifier: ^20.11.19
    version: 20.11.19
  '@types/pg':
    specifier: ^8.11.0
    version: 8.11.0

packages:

  /@aws-crypto/crc32@3.0.0:
    resolution: {integrity: sha512-IzSgsrxUcsrejQbPVilIKy16kAT52EwB6zSaI+M3xxIhKh5+aldEyvI+z6erM7TCLB2BJsFrtHjp6/4/sr+3dA==}
    dependencies:
      '@aws-crypto/util': 3.0.0
      '@aws-sdk/types': 3.357.0
      tslib: 1.14.1
    dev: false

  /@aws-crypto/ie11-detection@3.0.0:
    resolution: {integrity: sha512-341lBBkiY1DfDNKai/wXM3aujNBkXR7tq1URPQDL9wi3AUbI80NR74uF1TXHMm7po1AcnFk8iu2S2IeU/+/A+Q==}
    dependencies:
      tslib: 1.14.1
    dev: false

  /@aws-crypto/sha256-browser@3.0.0:
    resolution: {integrity: sha512-8VLmW2B+gjFbU5uMeqtQM6Nj0/F1bro80xQXCW6CQBWgosFWXTx77aeOF5CAIAmbOK64SdMBJdNr6J41yP5mvQ==}
    dependencies:
      '@aws-crypto/ie11-detection': 3.0.0
      '@aws-crypto/sha256-js': 3.0.0
      '@aws-crypto/supports-web-crypto': 3.0.0
      '@aws-crypto/util': 3.0.0
      '@aws-sdk/types': 3.357.0
      '@aws-sdk/util-locate-window': 3.495.0
      '@aws-sdk/util-utf8-browser': 3.259.0
      tslib: 1.14.1
    dev: false

  /@aws-crypto/sha256-js@3.0.0:
    resolution: {integrity: sha512-PnNN7os0+yd1XvXAy23CFOmTbMaDxgxXtTKHybrJ39Y8kGzBATgBFibWJKH6BhytLI/Zyszs87xCOBNyBig6vQ==}
    dependencies:
      '@aws-crypto/util': 3.0.0
      '@aws-sdk/types': 3.357.0
      tslib: 1.14.1
    dev: false

  /@aws-crypto/supports-web-crypto@3.0.0:
    resolution: {integrity: sha512-06hBdMwUAb2WFTuGG73LSC0wfPu93xWwo5vL2et9eymgmu3Id5vFAHBbajVWiGhPO37qcsdCap/FqXvJGJWPIg==}
    dependencies:
      tslib: 1.14.1
    dev: false

  /@aws-crypto/util@3.0.0:
    resolution: {integrity: sha512-2OJlpeJpCR48CC8r+uKVChzs9Iungj9wkZrl8Z041DWEWvyIHILYKCPNzJghKsivj+S3mLo6BVc7mBNzdxA46w==}
    dependencies:
      '@aws-sdk/types': 3.357.0
      '@aws-sdk/util-utf8-browser': 3.259.0
      tslib: 1.14.1
    dev: false

  /@aws-sdk/abort-controller@3.357.0:
    resolution: {integrity: sha512-nQYDJon87quPwt2JZJwUN2GFKJnvE5kWb6tZP4xb5biSGUKBqDQo06oYed7yokatCuCMouIXV462aN0fWODtOw==}
    engines: {node: '>=14.0.0'}
    dependencies:
      '@aws-sdk/types': 3.357.0
      tslib: 2.6.2
    dev: false

  /@aws-sdk/client-secrets-manager@3.362.0:
    resolution: {integrity: sha512-Lv2sDvC6SX1Wou+CnfeJ2fpRYD2rXtSncHKHH8scLRO/9BuvoC4J7Dnf4jUM37SoimUcpW+Lg30Gu4oskIAeXw==}
    engines: {node: '>=14.0.0'}
    dependencies:
      '@aws-crypto/sha256-browser': 3.0.0
      '@aws-crypto/sha256-js': 3.0.0
      '@aws-sdk/client-sts': 3.362.0
      '@aws-sdk/config-resolver': 3.357.0
      '@aws-sdk/credential-provider-node': 3.362.0
      '@aws-sdk/fetch-http-handler': 3.357.0
      '@aws-sdk/hash-node': 3.357.0
      '@aws-sdk/invalid-dependency': 3.357.0
      '@aws-sdk/middleware-content-length': 3.357.0
      '@aws-sdk/middleware-endpoint': 3.357.0
      '@aws-sdk/middleware-host-header': 3.357.0
      '@aws-sdk/middleware-logger': 3.357.0
      '@aws-sdk/middleware-recursion-detection': 3.357.0
      '@aws-sdk/middleware-retry': 3.362.0
      '@aws-sdk/middleware-serde': 3.357.0
      '@aws-sdk/middleware-signing': 3.357.0
      '@aws-sdk/middleware-stack': 3.357.0
      '@aws-sdk/middleware-user-agent': 3.357.0
      '@aws-sdk/node-config-provider': 3.357.0
      '@aws-sdk/node-http-handler': 3.360.0
      '@aws-sdk/smithy-client': 3.360.0
      '@aws-sdk/types': 3.357.0
      '@aws-sdk/url-parser': 3.357.0
      '@aws-sdk/util-base64': 3.310.0
      '@aws-sdk/util-body-length-browser': 3.310.0
      '@aws-sdk/util-body-length-node': 3.310.0
      '@aws-sdk/util-defaults-mode-browser': 3.360.0
      '@aws-sdk/util-defaults-mode-node': 3.360.0
      '@aws-sdk/util-endpoints': 3.357.0
      '@aws-sdk/util-retry': 3.362.0
      '@aws-sdk/util-user-agent-browser': 3.357.0
      '@aws-sdk/util-user-agent-node': 3.357.0
      '@aws-sdk/util-utf8': 3.310.0
      '@smithy/protocol-http': 1.2.0
      '@smithy/types': 1.2.0
      tslib: 2.6.2
      uuid: 8.3.2
    transitivePeerDependencies:
      - aws-crt
    dev: false

  /@aws-sdk/client-sso-oidc@3.362.0:
    resolution: {integrity: sha512-/urfavz0BjyeWSahp6oh9DjzV8oM5EPmza7iIZXJaPyK03enjse9A52vse4/EfKWaSHtapIgV3ZUKvYDk8AcKA==}
    engines: {node: '>=14.0.0'}
    dependencies:
      '@aws-crypto/sha256-browser': 3.0.0
      '@aws-crypto/sha256-js': 3.0.0
      '@aws-sdk/config-resolver': 3.357.0
      '@aws-sdk/fetch-http-handler': 3.357.0
      '@aws-sdk/hash-node': 3.357.0
      '@aws-sdk/invalid-dependency': 3.357.0
      '@aws-sdk/middleware-content-length': 3.357.0
      '@aws-sdk/middleware-endpoint': 3.357.0
      '@aws-sdk/middleware-host-header': 3.357.0
      '@aws-sdk/middleware-logger': 3.357.0
      '@aws-sdk/middleware-recursion-detection': 3.357.0
      '@aws-sdk/middleware-retry': 3.362.0
      '@aws-sdk/middleware-serde': 3.357.0
      '@aws-sdk/middleware-stack': 3.357.0
      '@aws-sdk/middleware-user-agent': 3.357.0
      '@aws-sdk/node-config-provider': 3.357.0
      '@aws-sdk/node-http-handler': 3.360.0
      '@aws-sdk/smithy-client': 3.360.0
      '@aws-sdk/types': 3.357.0
      '@aws-sdk/url-parser': 3.357.0
      '@aws-sdk/util-base64': 3.310.0
      '@aws-sdk/util-body-length-browser': 3.310.0
      '@aws-sdk/util-body-length-node': 3.310.0
      '@aws-sdk/util-defaults-mode-browser': 3.360.0
      '@aws-sdk/util-defaults-mode-node': 3.360.0
      '@aws-sdk/util-endpoints': 3.357.0
      '@aws-sdk/util-retry': 3.362.0
      '@aws-sdk/util-user-agent-browser': 3.357.0
      '@aws-sdk/util-user-agent-node': 3.357.0
      '@aws-sdk/util-utf8': 3.310.0
      '@smithy/protocol-http': 1.2.0
      '@smithy/types': 1.2.0
      tslib: 2.6.2
    transitivePeerDependencies:
      - aws-crt
    dev: false

  /@aws-sdk/client-sso@3.362.0:
    resolution: {integrity: sha512-11M+S7mlr8MBE8NB2yPZWOeb7BV4pcfQ+2p9EE9jVDbcq7VW21chvnf4F+L11aNV1yNtswsnHOSHLKM6YBMM7w==}
    engines: {node: '>=14.0.0'}
    dependencies:
      '@aws-crypto/sha256-browser': 3.0.0
      '@aws-crypto/sha256-js': 3.0.0
      '@aws-sdk/config-resolver': 3.357.0
      '@aws-sdk/fetch-http-handler': 3.357.0
      '@aws-sdk/hash-node': 3.357.0
      '@aws-sdk/invalid-dependency': 3.357.0
      '@aws-sdk/middleware-content-length': 3.357.0
      '@aws-sdk/middleware-endpoint': 3.357.0
      '@aws-sdk/middleware-host-header': 3.357.0
      '@aws-sdk/middleware-logger': 3.357.0
      '@aws-sdk/middleware-recursion-detection': 3.357.0
      '@aws-sdk/middleware-retry': 3.362.0
      '@aws-sdk/middleware-serde': 3.357.0
      '@aws-sdk/middleware-stack': 3.357.0
      '@aws-sdk/middleware-user-agent': 3.357.0
      '@aws-sdk/node-config-provider': 3.357.0
      '@aws-sdk/node-http-handler': 3.360.0
      '@aws-sdk/smithy-client': 3.360.0
      '@aws-sdk/types': 3.357.0
      '@aws-sdk/url-parser': 3.357.0
      '@aws-sdk/util-base64': 3.310.0
      '@aws-sdk/util-body-length-browser': 3.310.0
      '@aws-sdk/util-body-length-node': 3.310.0
      '@aws-sdk/util-defaults-mode-browser': 3.360.0
      '@aws-sdk/util-defaults-mode-node': 3.360.0
      '@aws-sdk/util-endpoints': 3.357.0
      '@aws-sdk/util-retry': 3.362.0
      '@aws-sdk/util-user-agent-browser': 3.357.0
      '@aws-sdk/util-user-agent-node': 3.357.0
      '@aws-sdk/util-utf8': 3.310.0
      '@smithy/protocol-http': 1.2.0
      '@smithy/types': 1.2.0
      tslib: 2.6.2
    transitivePeerDependencies:
      - aws-crt
    dev: false

  /@aws-sdk/client-sts@3.362.0:
    resolution: {integrity: sha512-4Kh6oM2hfJbckuMb9O5eRIG66s/eA0wazXYvCbxSiSi3XgkX9L4m5OSNxlzLPe7uVgkEx8ykuk8Xz6qZrZWJcQ==}
    engines: {node: '>=14.0.0'}
    dependencies:
      '@aws-crypto/sha256-browser': 3.0.0
      '@aws-crypto/sha256-js': 3.0.0
      '@aws-sdk/config-resolver': 3.357.0
      '@aws-sdk/credential-provider-node': 3.362.0
      '@aws-sdk/fetch-http-handler': 3.357.0
      '@aws-sdk/hash-node': 3.357.0
      '@aws-sdk/invalid-dependency': 3.357.0
      '@aws-sdk/middleware-content-length': 3.357.0
      '@aws-sdk/middleware-endpoint': 3.357.0
      '@aws-sdk/middleware-host-header': 3.357.0
      '@aws-sdk/middleware-logger': 3.357.0
      '@aws-sdk/middleware-recursion-detection': 3.357.0
      '@aws-sdk/middleware-retry': 3.362.0
      '@aws-sdk/middleware-sdk-sts': 3.357.0
      '@aws-sdk/middleware-serde': 3.357.0
      '@aws-sdk/middleware-signing': 3.357.0
      '@aws-sdk/middleware-stack': 3.357.0
      '@aws-sdk/middleware-user-agent': 3.357.0
      '@aws-sdk/node-config-provider': 3.357.0
      '@aws-sdk/node-http-handler': 3.360.0
      '@aws-sdk/smithy-client': 3.360.0
      '@aws-sdk/types': 3.357.0
      '@aws-sdk/url-parser': 3.357.0
      '@aws-sdk/util-base64': 3.310.0
      '@aws-sdk/util-body-length-browser': 3.310.0
      '@aws-sdk/util-body-length-node': 3.310.0
      '@aws-sdk/util-defaults-mode-browser': 3.360.0
      '@aws-sdk/util-defaults-mode-node': 3.360.0
      '@aws-sdk/util-endpoints': 3.357.0
      '@aws-sdk/util-retry': 3.362.0
      '@aws-sdk/util-user-agent-browser': 3.357.0
      '@aws-sdk/util-user-agent-node': 3.357.0
      '@aws-sdk/util-utf8': 3.310.0
      '@smithy/protocol-http': 1.2.0
      '@smithy/types': 1.2.0
      fast-xml-parser: 4.2.5
      tslib: 2.6.2
    transitivePeerDependencies:
      - aws-crt
    dev: false

  /@aws-sdk/config-resolver@3.357.0:
    resolution: {integrity: sha512-cukfg0nX7Tzx/xFyH5F4Eyb8DA1ITCGtSQv4vnEjgUop+bkzckuGLKEeBcBhyZY+aw+2C9CVwIHwIMhRm0ul5w==}
    engines: {node: '>=14.0.0'}
    dependencies:
      '@aws-sdk/types': 3.357.0
      '@aws-sdk/util-config-provider': 3.310.0
      '@aws-sdk/util-middleware': 3.357.0
      tslib: 2.6.2
    dev: false

  /@aws-sdk/credential-provider-env@3.357.0:
    resolution: {integrity: sha512-UOecwfqvXgJVqhfWSZ2S44v2Nq2oceW0PQVQp0JAa9opc2rxSVIfyOhPr0yMoPmpyNcP22rgeg6ce70KULYwiA==}
    engines: {node: '>=14.0.0'}
    dependencies:
      '@aws-sdk/property-provider': 3.357.0
      '@aws-sdk/types': 3.357.0
      tslib: 2.6.2
    dev: false

  /@aws-sdk/credential-provider-imds@3.357.0:
    resolution: {integrity: sha512-upw/bfsl7/WydT6gM0lBuR4Ipp4fzYm/E3ObFr0Mg5OkgVPt5ZJE+eeFTvwCpDdBSTKs4JfrK6/iEK8A23Q1jQ==}
    engines: {node: '>=14.0.0'}
    dependencies:
      '@aws-sdk/node-config-provider': 3.357.0
      '@aws-sdk/property-provider': 3.357.0
      '@aws-sdk/types': 3.357.0
      '@aws-sdk/url-parser': 3.357.0
      tslib: 2.6.2
    dev: false

  /@aws-sdk/credential-provider-ini@3.362.0:
    resolution: {integrity: sha512-56gOo0XrqfEXTYrpWwZEYqrKEyNNpyNNvagfuP29d4aqok7ON5CkL1ymmKhNuDGHbbHXVGOIGdLNJBkGBgwE1g==}
    engines: {node: '>=14.0.0'}
    dependencies:
      '@aws-sdk/credential-provider-env': 3.357.0
      '@aws-sdk/credential-provider-imds': 3.357.0
      '@aws-sdk/credential-provider-process': 3.357.0
      '@aws-sdk/credential-provider-sso': 3.362.0
      '@aws-sdk/credential-provider-web-identity': 3.357.0
      '@aws-sdk/property-provider': 3.357.0
      '@aws-sdk/shared-ini-file-loader': 3.357.0
      '@aws-sdk/types': 3.357.0
      tslib: 2.6.2
    transitivePeerDependencies:
      - aws-crt
    dev: false

  /@aws-sdk/credential-provider-node@3.362.0:
    resolution: {integrity: sha512-G/oCGTdN3Gx1HgSX6KlGC71q9EQw9luSgGGIgZHAw9u3IllLEARqxVQ5PUPlhEM4FkNNMpzicUbWeI5NeMRuyA==}
    engines: {node: '>=14.0.0'}
    dependencies:
      '@aws-sdk/credential-provider-env': 3.357.0
      '@aws-sdk/credential-provider-imds': 3.357.0
      '@aws-sdk/credential-provider-ini': 3.362.0
      '@aws-sdk/credential-provider-process': 3.357.0
      '@aws-sdk/credential-provider-sso': 3.362.0
      '@aws-sdk/credential-provider-web-identity': 3.357.0
      '@aws-sdk/property-provider': 3.357.0
      '@aws-sdk/shared-ini-file-loader': 3.357.0
      '@aws-sdk/types': 3.357.0
      tslib: 2.6.2
    transitivePeerDependencies:
      - aws-crt
    dev: false

  /@aws-sdk/credential-provider-process@3.357.0:
    resolution: {integrity: sha512-qFWWilFPsc2hR7O0KIhwcE78w+pVIK+uQR6MQMfdRyxUndgiuCorJwVjedc3yZtmnoELHF34j+m8whTBXv9E7Q==}
    engines: {node: '>=14.0.0'}
    dependencies:
      '@aws-sdk/property-provider': 3.357.0
      '@aws-sdk/shared-ini-file-loader': 3.357.0
      '@aws-sdk/types': 3.357.0
      tslib: 2.6.2
    dev: false

  /@aws-sdk/credential-provider-sso@3.362.0:
    resolution: {integrity: sha512-jf5jG8IQXNSTuOPMT0SMOpBi+Tlct+3Ik5njpEECFzo5POzU8DgJkc2ALMNW5j+XojuchwgeqWZclPRoacKjVw==}
    engines: {node: '>=14.0.0'}
    dependencies:
      '@aws-sdk/client-sso': 3.362.0
      '@aws-sdk/property-provider': 3.357.0
      '@aws-sdk/shared-ini-file-loader': 3.357.0
      '@aws-sdk/token-providers': 3.362.0
      '@aws-sdk/types': 3.357.0
      tslib: 2.6.2
    transitivePeerDependencies:
      - aws-crt
    dev: false

  /@aws-sdk/credential-provider-web-identity@3.357.0:
    resolution: {integrity: sha512-0KRRAFrXy5HJe2vqnCWCoCS+fQw7IoIj3KQsuURJMW4F+ifisxCgEsh3brJ2LQlN4ElWTRJhlrDHNZ/pd61D4w==}
    engines: {node: '>=14.0.0'}
    dependencies:
      '@aws-sdk/property-provider': 3.357.0
      '@aws-sdk/types': 3.357.0
      tslib: 2.6.2
    dev: false

  /@aws-sdk/eventstream-codec@3.357.0:
    resolution: {integrity: sha512-bqenTHG6GH6aCk/Il+ooWXVVAZuc8lOgVEy9bE2hI49oVqT8zSuXxQB+w1WWyZoAOPcelsjayB1wfPub8VDBxQ==}
    dependencies:
      '@aws-crypto/crc32': 3.0.0
      '@aws-sdk/types': 3.357.0
      '@aws-sdk/util-hex-encoding': 3.310.0
      tslib: 2.6.2
    dev: false

  /@aws-sdk/fetch-http-handler@3.357.0:
    resolution: {integrity: sha512-5sPloTO8y8fAnS/6/Sfp/aVoL9zuhzkLdWBORNzMazdynVNEzWKWCPZ27RQpgkaCDHiXjqUY4kfuFXAGkvFfDQ==}
    dependencies:
      '@aws-sdk/protocol-http': 3.357.0
      '@aws-sdk/querystring-builder': 3.357.0
      '@aws-sdk/types': 3.357.0
      '@aws-sdk/util-base64': 3.310.0
      tslib: 2.6.2
    dev: false

  /@aws-sdk/hash-node@3.357.0:
    resolution: {integrity: sha512-fq3LS9AxHKb7dTZkm6iM1TrGk6XOTZz96iEZPME1+vjiSEXGWuebHt87q92n+KozVGRypn9MId3lHOPBBjygNQ==}
    engines: {node: '>=14.0.0'}
    dependencies:
      '@aws-sdk/types': 3.357.0
      '@aws-sdk/util-buffer-from': 3.310.0
      '@aws-sdk/util-utf8': 3.310.0
      tslib: 2.6.2
    dev: false

  /@aws-sdk/invalid-dependency@3.357.0:
    resolution: {integrity: sha512-HnCYZczf0VdyxMVMMxmA3QJAyyPSFbcMtZzgKbxVTWTG7GKpQe0psWZu/7O2Nk31mKg6vEUdiP1FylqLBsgMOA==}
    dependencies:
      '@aws-sdk/types': 3.357.0
      tslib: 2.6.2
    dev: false

  /@aws-sdk/is-array-buffer@3.310.0:
    resolution: {integrity: sha512-urnbcCR+h9NWUnmOtet/s4ghvzsidFmspfhYaHAmSRdy9yDjdjBJMFjjsn85A1ODUktztm+cVncXjQ38WCMjMQ==}
    engines: {node: '>=14.0.0'}
    dependencies:
      tslib: 2.6.2
    dev: false

  /@aws-sdk/middleware-content-length@3.357.0:
    resolution: {integrity: sha512-zQOFEyzOXAgN4M54tYNWGxKxnyzY0WwYDTFzh9riJRmxN1hTEKHUKmze4nILIf5rkQmOG4kTf1qmfazjkvZAhw==}
    engines: {node: '>=14.0.0'}
    dependencies:
      '@aws-sdk/protocol-http': 3.357.0
      '@aws-sdk/types': 3.357.0
      tslib: 2.6.2
    dev: false

  /@aws-sdk/middleware-endpoint@3.357.0:
    resolution: {integrity: sha512-ScJi0SL8X/Lyi0Fp5blg0QN/Z6PoRwV/ZJXd8dQkXSznkbSvJHfqPP0xk/w3GcQ1TKsu5YEPfeYy8ejcq+7Pgg==}
    engines: {node: '>=14.0.0'}
    dependencies:
      '@aws-sdk/middleware-serde': 3.357.0
      '@aws-sdk/types': 3.357.0
      '@aws-sdk/url-parser': 3.357.0
      '@aws-sdk/util-middleware': 3.357.0
      tslib: 2.6.2
    dev: false

  /@aws-sdk/middleware-host-header@3.357.0:
    resolution: {integrity: sha512-HuGLcP7JP1qJ5wGT9GSlEknDaTSnOzHY4T6IPFuvFjAy3PvY5siQNm6+VRqdVS+n6/kzpL3JP5sAVM3aoxHT6Q==}
    engines: {node: '>=14.0.0'}
    dependencies:
      '@aws-sdk/protocol-http': 3.357.0
      '@aws-sdk/types': 3.357.0
      tslib: 2.6.2
    dev: false

  /@aws-sdk/middleware-logger@3.357.0:
    resolution: {integrity: sha512-dncT3tr+lZ9+duZo52rASgO6AKVwRcsc2/T93gmaYVrJqI6WWAwQ7yML5s72l9ZjQ5LZ+4jjrgtlufavAS0eCg==}
    engines: {node: '>=14.0.0'}
    dependencies:
      '@aws-sdk/types': 3.357.0
      tslib: 2.6.2
    dev: false

  /@aws-sdk/middleware-recursion-detection@3.357.0:
    resolution: {integrity: sha512-AXC54IeDS3jC1dbbkYHML4STvBPcKZ4IJTWdjEK1RCOgqXd0Ze1cE1e21wyj1tM6prF03zLyvpBd+3TS++nqfA==}
    engines: {node: '>=14.0.0'}
    dependencies:
      '@aws-sdk/protocol-http': 3.357.0
      '@aws-sdk/types': 3.357.0
      tslib: 2.6.2
    dev: false

  /@aws-sdk/middleware-retry@3.362.0:
    resolution: {integrity: sha512-ZFsty5fXIdvTTm+GnTtCPre89b2QFZYQmD0L5nhJULDFoU5Fz/bsI5C3b98/wb4YCAIfXBZpx4Kh2RAEKnxkyg==}
    engines: {node: '>=14.0.0'}
    dependencies:
      '@aws-sdk/protocol-http': 3.357.0
      '@aws-sdk/service-error-classification': 3.357.0
      '@aws-sdk/types': 3.357.0
      '@aws-sdk/util-middleware': 3.357.0
      '@aws-sdk/util-retry': 3.362.0
      tslib: 2.6.2
      uuid: 8.3.2
    dev: false

  /@aws-sdk/middleware-sdk-sts@3.357.0:
    resolution: {integrity: sha512-Ng2VjLrPiL02QOcs1qs9jG2boO4Gn+v3VIbOJLG4zXcfbSq55iIWtlmr2ljfw9vP5aLhWtcODfmKHS5Bp+019Q==}
    engines: {node: '>=14.0.0'}
    dependencies:
      '@aws-sdk/middleware-signing': 3.357.0
      '@aws-sdk/types': 3.357.0
      tslib: 2.6.2
    dev: false

  /@aws-sdk/middleware-serde@3.357.0:
    resolution: {integrity: sha512-bGI4kYuuEsFjlANbyJLyy4AovETnyf/SukgLOG7Qjbua+ZGuzvRhMsk21mBKKGrnsTO4PmtieJo6xClThGAN8g==}
    engines: {node: '>=14.0.0'}
    dependencies:
      '@aws-sdk/types': 3.357.0
      tslib: 2.6.2
    dev: false

  /@aws-sdk/middleware-signing@3.357.0:
    resolution: {integrity: sha512-yB9ewEqI6Fw1OrmKFrUypbCqN5ijk06UGPochybamMuPxxkwMT3bnrm7eezsCA+TZbJyKhpffpyobwuv+xGNrA==}
    engines: {node: '>=14.0.0'}
    dependencies:
      '@aws-sdk/property-provider': 3.357.0
      '@aws-sdk/protocol-http': 3.357.0
      '@aws-sdk/signature-v4': 3.357.0
      '@aws-sdk/types': 3.357.0
      '@aws-sdk/util-middleware': 3.357.0
      tslib: 2.6.2
    dev: false

  /@aws-sdk/middleware-stack@3.357.0:
    resolution: {integrity: sha512-nNV+jfwGwmbOGZujAY/U8AW3EbVlxa9DJDLz3TPp/39o6Vu5KEzHJyDDNreo2k9V/TMvV+nOzHafufgPdagv7w==}
    engines: {node: '>=14.0.0'}
    dependencies:
      tslib: 2.6.2
    dev: false

  /@aws-sdk/middleware-user-agent@3.357.0:
    resolution: {integrity: sha512-M/CsAXjGblZS4rEbMb0Dn9IXbfq4EjVaTHBfvuILU/dKRppWvjnm2lRtqCZ+LIT3ATbAjA3/dY7dWsjxQWwijA==}
    engines: {node: '>=14.0.0'}
    dependencies:
      '@aws-sdk/protocol-http': 3.357.0
      '@aws-sdk/types': 3.357.0
      '@aws-sdk/util-endpoints': 3.357.0
      tslib: 2.6.2
    dev: false

  /@aws-sdk/node-config-provider@3.357.0:
    resolution: {integrity: sha512-kwBIzKCaW3UWqLdELhy7TcN8itNMOjbzga530nalFILMvn2IxrkdKQhNgxGBXy6QK6kCOtH6OmcrG3/oZkLwig==}
    engines: {node: '>=14.0.0'}
    dependencies:
      '@aws-sdk/property-provider': 3.357.0
      '@aws-sdk/shared-ini-file-loader': 3.357.0
      '@aws-sdk/types': 3.357.0
      tslib: 2.6.2
    dev: false

  /@aws-sdk/node-http-handler@3.360.0:
    resolution: {integrity: sha512-oMsXdMmNwHpUbebETO44bq0N4SocEMGfPjYNUTRs8md7ita5fuFd2qFuvf+ZRt6iVcGWluIqmF8DidD+b7d+TA==}
    engines: {node: '>=14.0.0'}
    dependencies:
      '@aws-sdk/abort-controller': 3.357.0
      '@aws-sdk/protocol-http': 3.357.0
      '@aws-sdk/querystring-builder': 3.357.0
      '@aws-sdk/types': 3.357.0
      tslib: 2.6.2
    dev: false

  /@aws-sdk/property-provider@3.357.0:
    resolution: {integrity: sha512-im4W0u8WaYxG7J7ko4Xl3OEzK3Mrm1Rz6/txTGe6hTIHlyUISu1ekOQJXK6XYPqNMn8v1G3BiQREoRXUEJFbHg==}
    engines: {node: '>=14.0.0'}
    dependencies:
      '@aws-sdk/types': 3.357.0
      tslib: 2.6.2
    dev: false

  /@aws-sdk/protocol-http@3.357.0:
    resolution: {integrity: sha512-w1JHiI50VEea7duDeAspUiKJmmdIQblvRyjVMOqWA6FIQAyDVuEiPX7/MdQr0ScxhtRQxHbP0I4MFyl7ctRQvA==}
    engines: {node: '>=14.0.0'}
    dependencies:
      '@aws-sdk/types': 3.357.0
      tslib: 2.6.2
    dev: false

  /@aws-sdk/querystring-builder@3.357.0:
    resolution: {integrity: sha512-aQcicqB6Y2cNaXPPwunz612a01SMiQQPsdz632F/3Lzn0ua82BJKobHOtaiTUlmVJ5Q4/EAeNfwZgL7tTUNtDQ==}
    engines: {node: '>=14.0.0'}
    dependencies:
      '@aws-sdk/types': 3.357.0
      '@aws-sdk/util-uri-escape': 3.310.0
      tslib: 2.6.2
    dev: false

  /@aws-sdk/querystring-parser@3.357.0:
    resolution: {integrity: sha512-Svvq+atRNP9s2VxiklcUNgCzmt3T5kfs7X2C+yjmxHvOQTPjLNaNGbfC/vhjOK7aoXw0h+lBac48r5ymx1PbQA==}
    engines: {node: '>=14.0.0'}
    dependencies:
      '@aws-sdk/types': 3.357.0
      tslib: 2.6.2
    dev: false

  /@aws-sdk/service-error-classification@3.357.0:
    resolution: {integrity: sha512-VuXeL4g5vKO9HjgCZlxmH8Uv1FcqUSjmbPpQkbNtYIDck6u0qzM0rG+n0/1EjyQbPSr3MhW/pkWs5nx2Nljlyg==}
    engines: {node: '>=14.0.0'}
    dev: false

  /@aws-sdk/shared-ini-file-loader@3.357.0:
    resolution: {integrity: sha512-ceyqM4XxQe0Plb/oQAD2t1UOV2Iy4PFe1oAGM8dfJzYrRKu7zvMwru7/WaB3NYq+/mIY6RU+jjhRmjQ3GySVqA==}
    engines: {node: '>=14.0.0'}
    dependencies:
      '@aws-sdk/types': 3.357.0
      tslib: 2.6.2
    dev: false

  /@aws-sdk/signature-v4@3.357.0:
    resolution: {integrity: sha512-itt4/Jh9FqnzK30qIjXFBvM4J7zN4S/AAqsRMnaX7U4f/MV+1YxQHmzimpdMnsCXXs2jqFqKVRu6DewxJ3nbxg==}
    engines: {node: '>=14.0.0'}
    dependencies:
      '@aws-sdk/eventstream-codec': 3.357.0
      '@aws-sdk/is-array-buffer': 3.310.0
      '@aws-sdk/types': 3.357.0
      '@aws-sdk/util-hex-encoding': 3.310.0
      '@aws-sdk/util-middleware': 3.357.0
      '@aws-sdk/util-uri-escape': 3.310.0
      '@aws-sdk/util-utf8': 3.310.0
      tslib: 2.6.2
    dev: false

  /@aws-sdk/smithy-client@3.360.0:
    resolution: {integrity: sha512-R7wbT2SkgWNEAxMekOTNcPcvBszabW2+qHjrcelbbVJNjx/2yK+MbpZI4WRSncByQMeeoW+aSUP+JgsbpiOWfw==}
    engines: {node: '>=14.0.0'}
    dependencies:
      '@aws-sdk/middleware-stack': 3.357.0
      '@aws-sdk/types': 3.357.0
      '@aws-sdk/util-stream': 3.360.0
      '@smithy/types': 1.2.0
      tslib: 2.6.2
    dev: false

  /@aws-sdk/token-providers@3.362.0:
    resolution: {integrity: sha512-w7NTeB2j1CRdvDa7m08KQr12HN6qrOknXhGEMmf67bfdfAdmPWsJXIbxcKH8eze+acOzoimbqv8KyCVmyX/pCQ==}
    engines: {node: '>=14.0.0'}
    dependencies:
      '@aws-sdk/client-sso-oidc': 3.362.0
      '@aws-sdk/property-provider': 3.357.0
      '@aws-sdk/shared-ini-file-loader': 3.357.0
      '@aws-sdk/types': 3.357.0
      tslib: 2.6.2
    transitivePeerDependencies:
      - aws-crt
    dev: false

  /@aws-sdk/types@3.357.0:
    resolution: {integrity: sha512-/riCRaXg3p71BeWnShrai0y0QTdXcouPSM0Cn1olZbzTf7s71aLEewrc96qFrL70XhY4XvnxMpqQh+r43XIL3g==}
    engines: {node: '>=14.0.0'}
    dependencies:
      tslib: 2.6.2
    dev: false

  /@aws-sdk/url-parser@3.357.0:
    resolution: {integrity: sha512-fAaU6cFsaAba01lCRsRJiYR/LfXvX2wudyEyutBVglE4dWSoSeu3QJNxImIzTBULfbiFhz59++NQ1JUVx88IVg==}
    dependencies:
      '@aws-sdk/querystring-parser': 3.357.0
      '@aws-sdk/types': 3.357.0
      tslib: 2.6.2
    dev: false

  /@aws-sdk/util-base64@3.310.0:
    resolution: {integrity: sha512-v3+HBKQvqgdzcbL+pFswlx5HQsd9L6ZTlyPVL2LS9nNXnCcR3XgGz9jRskikRUuUvUXtkSG1J88GAOnJ/apTPg==}
    engines: {node: '>=14.0.0'}
    dependencies:
      '@aws-sdk/util-buffer-from': 3.310.0
      tslib: 2.6.2
    dev: false

  /@aws-sdk/util-body-length-browser@3.310.0:
    resolution: {integrity: sha512-sxsC3lPBGfpHtNTUoGXMQXLwjmR0zVpx0rSvzTPAuoVILVsp5AU/w5FphNPxD5OVIjNbZv9KsKTuvNTiZjDp9g==}
    dependencies:
      tslib: 2.6.2
    dev: false

  /@aws-sdk/util-body-length-node@3.310.0:
    resolution: {integrity: sha512-2tqGXdyKhyA6w4zz7UPoS8Ip+7sayOg9BwHNidiGm2ikbDxm1YrCfYXvCBdwaJxa4hJfRVz+aL9e+d3GqPI9pQ==}
    engines: {node: '>=14.0.0'}
    dependencies:
      tslib: 2.6.2
    dev: false

  /@aws-sdk/util-buffer-from@3.310.0:
    resolution: {integrity: sha512-i6LVeXFtGih5Zs8enLrt+ExXY92QV25jtEnTKHsmlFqFAuL3VBeod6boeMXkN2p9lbSVVQ1sAOOYZOHYbYkntw==}
    engines: {node: '>=14.0.0'}
    dependencies:
      '@aws-sdk/is-array-buffer': 3.310.0
      tslib: 2.6.2
    dev: false

  /@aws-sdk/util-config-provider@3.310.0:
    resolution: {integrity: sha512-xIBaYo8dwiojCw8vnUcIL4Z5tyfb1v3yjqyJKJWV/dqKUFOOS0U591plmXbM+M/QkXyML3ypon1f8+BoaDExrg==}
    engines: {node: '>=14.0.0'}
    dependencies:
      tslib: 2.6.2
    dev: false

  /@aws-sdk/util-defaults-mode-browser@3.360.0:
    resolution: {integrity: sha512-/GR8VlK9xo1Q5WbVYuNaZ+XfoCFdWNb4z4mpoEgvEgBH4R0GjqiAqLftUA8Ykq1tJuDAKPYVzUNzK8DC0pt7/g==}
    engines: {node: '>= 10.0.0'}
    dependencies:
      '@aws-sdk/property-provider': 3.357.0
      '@aws-sdk/types': 3.357.0
      bowser: 2.11.0
      tslib: 2.6.2
    dev: false

  /@aws-sdk/util-defaults-mode-node@3.360.0:
    resolution: {integrity: sha512-gR3Ctqpyl7SgStDJ1Jlq6qQDuw/rS9AgbAXx+s3wsmm3fm8lHKkXkDPYVvNDqd6dVXRO6q8MRx00lwkGI4qrpQ==}
    engines: {node: '>= 10.0.0'}
    dependencies:
      '@aws-sdk/config-resolver': 3.357.0
      '@aws-sdk/credential-provider-imds': 3.357.0
      '@aws-sdk/node-config-provider': 3.357.0
      '@aws-sdk/property-provider': 3.357.0
      '@aws-sdk/types': 3.357.0
      tslib: 2.6.2
    dev: false

  /@aws-sdk/util-endpoints@3.357.0:
    resolution: {integrity: sha512-XHKyS5JClT9su9hDif715jpZiWHQF9gKZXER8tW0gOizU3R9cyWc9EsJ2BRhFNhi7nt/JF/CLUEc5qDx3ETbUw==}
    engines: {node: '>=14.0.0'}
    dependencies:
      '@aws-sdk/types': 3.357.0
      tslib: 2.6.2
    dev: false

  /@aws-sdk/util-hex-encoding@3.310.0:
    resolution: {integrity: sha512-sVN7mcCCDSJ67pI1ZMtk84SKGqyix6/0A1Ab163YKn+lFBQRMKexleZzpYzNGxYzmQS6VanP/cfU7NiLQOaSfA==}
    engines: {node: '>=14.0.0'}
    dependencies:
      tslib: 2.6.2
    dev: false

  /@aws-sdk/util-locate-window@3.495.0:
    resolution: {integrity: sha512-MfaPXT0kLX2tQaR90saBT9fWQq2DHqSSJRzW+MZWsmF+y5LGCOhO22ac/2o6TKSQm7h0HRc2GaADqYYYor62yg==}
    engines: {node: '>=14.0.0'}
    dependencies:
      tslib: 2.6.2
    dev: false

  /@aws-sdk/util-middleware@3.357.0:
    resolution: {integrity: sha512-pV1krjZs7BdahZBfsCJMatE8kcor7GFsBOWrQgQDm9T0We5b5xPpOO2vxAD0RytBpY8Ky2ELs/+qXMv7l5fWIA==}
    engines: {node: '>=14.0.0'}
    dependencies:
      tslib: 2.6.2
    dev: false

  /@aws-sdk/util-retry@3.362.0:
    resolution: {integrity: sha512-LDRGKaF2EMcFEa6AlS+ilLiDEeHWyR5FN2+RHdfGQjcqn+Zdd5H6Vc0vUF5Z4PH3hXr5LPZcDh+zM7DlG22KJg==}
    engines: {node: '>= 14.0.0'}
    dependencies:
      '@aws-sdk/service-error-classification': 3.357.0
      tslib: 2.6.2
    dev: false

  /@aws-sdk/util-stream@3.360.0:
    resolution: {integrity: sha512-t3naBfNesXwLis29pzSfLx2ifCn2180GiPjRaIsQP14IiVCBOeT1xaU6Dpyk7WeR/jW4cu7wGl+kbeyfNF6QmQ==}
    engines: {node: '>=14.0.0'}
    dependencies:
      '@aws-sdk/fetch-http-handler': 3.357.0
      '@aws-sdk/node-http-handler': 3.360.0
      '@aws-sdk/types': 3.357.0
      '@aws-sdk/util-base64': 3.310.0
      '@aws-sdk/util-buffer-from': 3.310.0
      '@aws-sdk/util-hex-encoding': 3.310.0
      '@aws-sdk/util-utf8': 3.310.0
      tslib: 2.6.2
    dev: false

  /@aws-sdk/util-uri-escape@3.310.0:
    resolution: {integrity: sha512-drzt+aB2qo2LgtDoiy/3sVG8w63cgLkqFIa2NFlGpUgHFWTXkqtbgf4L5QdjRGKWhmZsnqkbtL7vkSWEcYDJ4Q==}
    engines: {node: '>=14.0.0'}
    dependencies:
      tslib: 2.6.2
    dev: false

  /@aws-sdk/util-user-agent-browser@3.357.0:
    resolution: {integrity: sha512-JHaWlNIUkPNvXkqeDOrqFzAlAgdwZK5mZw7FQnCRvf8tdSogpGZSkuyb9Z6rLD9gC40Srbc2nepO1cFpeMsDkA==}
    dependencies:
      '@aws-sdk/types': 3.357.0
      bowser: 2.11.0
      tslib: 2.6.2
    dev: false

  /@aws-sdk/util-user-agent-node@3.357.0:
    resolution: {integrity: sha512-RdpQoaJWQvcS99TVgSbT451iGrlH4qpWUWFA9U1IRhxOSsmC1hz8ME7xc8nci9SREx/ZlfT3ai6LpoAzAtIEMA==}
    engines: {node: '>=14.0.0'}
    peerDependencies:
      aws-crt: '>=1.0.0'
    peerDependenciesMeta:
      aws-crt:
        optional: true
    dependencies:
      '@aws-sdk/node-config-provider': 3.357.0
      '@aws-sdk/types': 3.357.0
      tslib: 2.6.2
    dev: false

  /@aws-sdk/util-utf8-browser@3.259.0:
    resolution: {integrity: sha512-UvFa/vR+e19XookZF8RzFZBrw2EUkQWxiBW0yYQAhvk3C+QVGl0H3ouca8LDBlBfQKXwmW3huo/59H8rwb1wJw==}
    dependencies:
      tslib: 2.6.2
    dev: false

  /@aws-sdk/util-utf8@3.310.0:
    resolution: {integrity: sha512-DnLfFT8uCO22uOJc0pt0DsSNau1GTisngBCDw8jQuWT5CqogMJu4b/uXmwEqfj8B3GX6Xsz8zOd6JpRlPftQoA==}
    engines: {node: '>=14.0.0'}
    dependencies:
      '@aws-sdk/util-buffer-from': 3.310.0
      tslib: 2.6.2
    dev: false

  /@smithy/protocol-http@1.2.0:
    resolution: {integrity: sha512-GfGfruksi3nXdFok5RhgtOnWe5f6BndzYfmEXISD+5gAGdayFGpjWu5pIqIweTudMtse20bGbc+7MFZXT1Tb8Q==}
    engines: {node: '>=14.0.0'}
    dependencies:
      '@smithy/types': 1.2.0
      tslib: 2.6.2
    dev: false

  /@smithy/types@1.2.0:
    resolution: {integrity: sha512-z1r00TvBqF3dh4aHhya7nz1HhvCg4TRmw51fjMrh5do3h+ngSstt/yKlNbHeb9QxJmFbmN8KEVSWgb1bRvfEoA==}
    engines: {node: '>=14.0.0'}
    dependencies:
      tslib: 2.6.2
    dev: false

  /@types/lambda-log@3.0.3:
    resolution: {integrity: sha512-QfIV6chAG1mMoeNkl6/FXqkpVyUJ80eZ2cv1vpxUZH8uTwrwD1i1GOCmzz9fqxFr5FAWYaQJdSaLSIEkJJdXvg==}
    dependencies:
      '@types/node': 20.11.19
    dev: true

  /@types/node@20.11.19:
    resolution: {integrity: sha512-7xMnVEcZFu0DikYjWOlRq7NTPETrm7teqUT2WkQjrTIkEgUyyGdWsj/Zg8bEJt5TNklzbPD1X3fqfsHw3SpapQ==}
    dependencies:
      undici-types: 5.26.5
    dev: true

  /@types/pg@8.11.0:
    resolution: {integrity: sha512-sDAlRiBNthGjNFfvt0k6mtotoVYVQ63pA8R4EMWka7crawSR60waVYR0HAgmPRs/e2YaeJTD/43OoZ3PFw80pw==}
    dependencies:
      '@types/node': 20.11.19
      pg-protocol: 1.6.0
      pg-types: 4.0.2
    dev: true

  /bowser@2.11.0:
    resolution: {integrity: sha512-AlcaJBi/pqqJBIQ8U9Mcpc9i8Aqxn88Skv5d+xBX006BY5u8N3mGLHa5Lgppa7L/HfwgwLgZ6NYs+Ag6uUmJRA==}
    dev: false

  /buffer-writer@2.0.0:
    resolution: {integrity: sha512-a7ZpuTZU1TRtnwyCNW3I5dc0wWNC3VR9S++Ewyk2HHZdrO3CQJqSpd+95Us590V6AL7JqUAH2IwZ/398PmNFgw==}
    engines: {node: '>=4'}
    dev: false

  /fast-safe-stringify@2.1.1:
    resolution: {integrity: sha512-W+KJc2dmILlPplD/H4K9l9LcAHAfPtP6BY84uVLXQ6Evcz9Lcg33Y2z1IVblT6xdY54PXYVHEv+0Wpq8Io6zkA==}
    dev: false

  /fast-xml-parser@4.2.5:
    resolution: {integrity: sha512-B9/wizE4WngqQftFPmdaMYlXoJlJOYxGQOanC77fq9k8+Z0v5dDSVh+3glErdIROP//s/jgb7ZuxKfB8nVyo0g==}
    hasBin: true
    dependencies:
      strnum: 1.0.5
    dev: false

  /kysely@0.27.2:
    resolution: {integrity: sha512-DmRvEfiR/NLpgsTbSxma2ldekhsdcd65+MNiKXyd/qj7w7X5e3cLkXxcj+MypsRDjPhHQ/CD5u3Eq1sBYzX0bw==}
    engines: {node: '>=14.0.0'}
    dev: false

  /lambda-log@3.1.0:
    resolution: {integrity: sha512-dfkFw+e0CoFftuOjxkufhi1srIpa4dM3sbbe+0KtfjX11auNl7Kok+5/+07IffjXUuspKAFeiHlHUPAHJzcL3A==}
    engines: {node: '>=10.0.0'}
    dependencies:
      fast-safe-stringify: 2.1.1
    dev: false

  /obuf@1.1.2:
    resolution: {integrity: sha512-PX1wu0AmAdPqOL1mWhqmlOd8kOIZQwGZw6rh7uby9fTc5lhaOWFLX3I6R1hrF9k3zUY40e6igsLGkDXK92LJNg==}
    dev: true

  /packet-reader@1.0.0:
    resolution: {integrity: sha512-HAKu/fG3HpHFO0AA8WE8q2g+gBJaZ9MG7fcKk+IJPLTGAD6Psw4443l+9DGRbOIh3/aXr7Phy0TjilYivJo5XQ==}
    dev: false

  /pg-cloudflare@1.1.1:
    resolution: {integrity: sha512-xWPagP/4B6BgFO+EKz3JONXv3YDgvkbVrGw2mTo3D6tVDQRh1e7cqVGvyR3BE+eQgAvx1XhW/iEASj4/jCWl3Q==}
    requiresBuild: true
    dev: false
    optional: true

  /pg-connection-string@2.6.2:
    resolution: {integrity: sha512-ch6OwaeaPYcova4kKZ15sbJ2hKb/VP48ZD2gE7i1J+L4MspCtBMAx8nMgz7bksc7IojCIIWuEhHibSMFH8m8oA==}
    dev: false

  /pg-int8@1.0.1:
    resolution: {integrity: sha512-WCtabS6t3c8SkpDBUlb1kjOs7l66xsGdKpIPZsg4wR+B3+u9UAum2odSsF9tnvxg80h4ZxLWMy4pRjOsFIqQpw==}
    engines: {node: '>=4.0.0'}

  /pg-numeric@1.0.2:
    resolution: {integrity: sha512-BM/Thnrw5jm2kKLE5uJkXqqExRUY/toLHda65XgFTBTFYZyopbKjBe29Ii3RbkvlsMoFwD+tHeGaCjjv0gHlyw==}
    engines: {node: '>=4'}
    dev: true

  /pg-pool@3.6.1(pg@8.11.3):
    resolution: {integrity: sha512-jizsIzhkIitxCGfPRzJn1ZdcosIt3pz9Sh3V01fm1vZnbnCMgmGl5wvGGdNN2EL9Rmb0EcFoCkixH4Pu+sP9Og==}
    peerDependencies:
      pg: '>=8.0'
    dependencies:
      pg: 8.11.3
    dev: false

  /pg-protocol@1.6.0:
    resolution: {integrity: sha512-M+PDm637OY5WM307051+bsDia5Xej6d9IR4GwJse1qA1DIhiKlksvrneZOYQq42OM+spubpcNYEo2FcKQrDk+Q==}

  /pg-types@2.2.0:
    resolution: {integrity: sha512-qTAAlrEsl8s4OiEQY69wDvcMIdQN6wdz5ojQiOy6YRMuynxenON0O5oCpJI6lshc6scgAY8qvJ2On/p+CXY0GA==}
    engines: {node: '>=4'}
    dependencies:
      pg-int8: 1.0.1
      postgres-array: 2.0.0
      postgres-bytea: 1.0.0
      postgres-date: 1.0.7
      postgres-interval: 1.2.0
    dev: false

  /pg-types@4.0.2:
    resolution: {integrity: sha512-cRL3JpS3lKMGsKaWndugWQoLOCoP+Cic8oseVcbr0qhPzYD5DWXK+RZ9LY9wxRf7RQia4SCwQlXk0q6FCPrVng==}
    engines: {node: '>=10'}
    dependencies:
      pg-int8: 1.0.1
      pg-numeric: 1.0.2
      postgres-array: 3.0.2
      postgres-bytea: 3.0.0
      postgres-date: 2.1.0
      postgres-interval: 3.0.0
      postgres-range: 1.1.4
    dev: true

  /pg@8.11.3:
    resolution: {integrity: sha512-+9iuvG8QfaaUrrph+kpF24cXkH1YOOUeArRNYIxq1viYHZagBxrTno7cecY1Fa44tJeZvaoG+Djpkc3JwehN5g==}
    engines: {node: '>= 8.0.0'}
    peerDependencies:
      pg-native: '>=3.0.1'
    peerDependenciesMeta:
      pg-native:
        optional: true
    dependencies:
      buffer-writer: 2.0.0
      packet-reader: 1.0.0
      pg-connection-string: 2.6.2
      pg-pool: 3.6.1(pg@8.11.3)
      pg-protocol: 1.6.0
      pg-types: 2.2.0
      pgpass: 1.0.5
    optionalDependencies:
      pg-cloudflare: 1.1.1
    dev: false

  /pgpass@1.0.5:
    resolution: {integrity: sha512-FdW9r/jQZhSeohs1Z3sI1yxFQNFvMcnmfuj4WBMUTxOrAyLMaTcE1aAMBiTlbMNaXvBCQuVi0R7hd8udDSP7ug==}
    dependencies:
      split2: 4.2.0
    dev: false

  /postgres-array@2.0.0:
    resolution: {integrity: sha512-VpZrUqU5A69eQyW2c5CA1jtLecCsN2U/bD6VilrFDWq5+5UIEVO7nazS3TEcHf1zuPYO/sqGvUvW62g86RXZuA==}
    engines: {node: '>=4'}
    dev: false

  /postgres-array@3.0.2:
    resolution: {integrity: sha512-6faShkdFugNQCLwucjPcY5ARoW1SlbnrZjmGl0IrrqewpvxvhSLHimCVzqeuULCbG0fQv7Dtk1yDbG3xv7Veog==}
    engines: {node: '>=12'}
    dev: true

  /postgres-bytea@1.0.0:
    resolution: {integrity: sha512-xy3pmLuQqRBZBXDULy7KbaitYqLcmxigw14Q5sj8QBVLqEwXfeybIKVWiqAXTlcvdvb0+xkOtDbfQMOf4lST1w==}
    engines: {node: '>=0.10.0'}
    dev: false

  /postgres-bytea@3.0.0:
    resolution: {integrity: sha512-CNd4jim9RFPkObHSjVHlVrxoVQXz7quwNFpz7RY1okNNme49+sVyiTvTRobiLV548Hx/hb1BG+iE7h9493WzFw==}
    engines: {node: '>= 6'}
    dependencies:
      obuf: 1.1.2
    dev: true

  /postgres-date@1.0.7:
    resolution: {integrity: sha512-suDmjLVQg78nMK2UZ454hAG+OAW+HQPZ6n++TNDUX+L0+uUlLywnoxJKDou51Zm+zTCjrCl0Nq6J9C5hP9vK/Q==}
    engines: {node: '>=0.10.0'}
    dev: false

  /postgres-date@2.1.0:
    resolution: {integrity: sha512-K7Juri8gtgXVcDfZttFKVmhglp7epKb1K4pgrkLxehjqkrgPhfG6OO8LHLkfaqkbpjNRnra018XwAr1yQFWGcA==}
    engines: {node: '>=12'}
    dev: true

  /postgres-interval@1.2.0:
    resolution: {integrity: sha512-9ZhXKM/rw350N1ovuWHbGxnGh/SNJ4cnxHiM0rxE4VN41wsg8P8zWn9hv/buK00RP4WvlOyr/RBDiptyxVbkZQ==}
    engines: {node: '>=0.10.0'}
    dependencies:
      xtend: 4.0.2
    dev: false

  /postgres-interval@3.0.0:
    resolution: {integrity: sha512-BSNDnbyZCXSxgA+1f5UU2GmwhoI0aU5yMxRGO8CdFEcY2BQF9xm/7MqKnYoM1nJDk8nONNWDk9WeSmePFhQdlw==}
    engines: {node: '>=12'}
    dev: true

  /postgres-range@1.1.4:
    resolution: {integrity: sha512-i/hbxIE9803Alj/6ytL7UHQxRvZkI9O4Sy+J3HGc4F4oo/2eQAjTSNJ0bfxyse3bH0nuVesCk+3IRLaMtG3H6w==}
    dev: true

  /split2@4.2.0:
    resolution: {integrity: sha512-UcjcJOWknrNkF6PLX83qcHM6KHgVKNkV62Y8a5uYDVv9ydGQVwAHMKqHdJje1VTWpljG0WYpCDhrCdAOYH4TWg==}
    engines: {node: '>= 10.x'}
    dev: false

  /strnum@1.0.5:
    resolution: {integrity: sha512-J8bbNyKKXl5qYcR36TIO8W3mVGVHrmmxsd5PAItGkmyzwJvybiw2IVq5nqd0i4LSNSkB/sx9VHllbfFdr9k1JA==}
    dev: false

  /tslib@1.14.1:
    resolution: {integrity: sha512-Xni35NKzjgMrwevysHTCArtLDpPvye8zV/0E4EyYn43P7/7qvQwPh9BGkHewbMulVntbigmcT7rdX3BNo9wRJg==}
    dev: false

  /tslib@2.6.2:
    resolution: {integrity: sha512-AEYxH93jGFPn/a2iVAwW87VuUIkR1FVUKB77NwMF7nBTDkDrrT/Hpt/IrCJ0QXhW27jTBDcf5ZY7w6RiqTMw2Q==}
    dev: false

  /undici-types@5.26.5:
    resolution: {integrity: sha512-JlCMO+ehdEIKqlFxk6IfVoAUVmgz7cU7zD/h9XZ0qzeosSHmUJVOzSQvvYSYWXkFXC+IfLKSIffhv0sVZup6pA==}
    dev: true

  /uuid@8.3.2:
    resolution: {integrity: sha512-+NYs2QeMWy+GWFOEm9xnn6HCDp0l7QBD7ml8zLUmJ+93Q5NF0NocErnwkTkXVFNiX3/fpC6afS8Dhb/gz7R7eg==}
    hasBin: true
    dev: false

  /xtend@4.0.2:
    resolution: {integrity: sha512-LKYU1iAXJXUgAXn9URjiu+MWhyUXHsvfp7mcuYm9dSUKK0/CjtrUwFAxD82/mCWbtLsGjFIad0wIsod4zrTAEQ==}
    engines: {node: '>=0.4'}
    dev: false
