lockfileVersion: '6.0'

settings:
  autoInstallPeers: true
  excludeLinksFromLockfile: false

dependencies:
  '@baselime/lambda-logger':
    specifier: ^0.2.2
    version: 0.2.2
  '@bods-integrated-data/shared':
    specifier: workspace:^
    version: link:../../shared
  kysely:
    specifier: ^0.27.2
    version: 0.27.2

devDependencies:
  '@types/node':
    specifier: ^20.11.19
    version: 20.11.19

packages:

  /@baselime/lambda-logger@0.2.2:
    resolution: {integrity: sha512-32jmqKYZgVskg4aA/bLwmrO3HsklR/mutqd4U1qtCtvAWauBZ5yre/WMinJxPkdicrYS1djr1e8g9x2hQRvBDg==}
    dev: false

  /@types/node@20.11.19:
    resolution: {integrity: sha512-7xMnVEcZFu0DikYjWOlRq7NTPETrm7teqUT2WkQjrTIkEgUyyGdWsj/Zg8bEJt5TNklzbPD1X3fqfsHw3SpapQ==}
    dependencies:
      undici-types: 5.26.5
    dev: true

  /kysely@0.27.2:
    resolution: {integrity: sha512-DmRvEfiR/NLpgsTbSxma2ldekhsdcd65+MNiKXyd/qj7w7X5e3cLkXxcj+MypsRDjPhHQ/CD5u3Eq1sBYzX0bw==}
    engines: {node: '>=14.0.0'}
    dev: false

  /undici-types@5.26.5:
    resolution: {integrity: sha512-JlCMO+ehdEIKqlFxk6IfVoAUVmgz7cU7zD/h9XZ0qzeosSHmUJVOzSQvvYSYWXkFXC+IfLKSIffhv0sVZup6pA==}
    dev: true
