lockfileVersion: '6.0'

settings:
  autoInstallPeers: true
  excludeLinksFromLockfile: false

dependencies:
  '@baselime/lambda-logger':
    specifier: ^0.2.2
    version: 0.2.2
  '@bods-integrated-data/shared':
    specifier: workspace:^
    version: link:../../shared
  fast-xml-parser:
    specifier: ^3.12.0
    version: 3.21.1

devDependencies:
  '@types/aws-lambda':
    specifier: ^8.10.110
    version: 8.10.136
  '@types/node':
    specifier: ^20.11.19
    version: 20.11.25

packages:

  /@baselime/lambda-logger@0.2.2:
    resolution: {integrity: sha512-32jmqKYZgVskg4aA/bLwmrO3HsklR/mutqd4U1qtCtvAWauBZ5yre/WMinJxPkdicrYS1djr1e8g9x2hQRvBDg==}
    dev: false

  /@types/aws-lambda@8.10.136:
    resolution: {integrity: sha512-cmmgqxdVGhxYK9lZMYYXYRJk6twBo53ivtXjIUEFZxfxe4TkZTZBK3RRWrY2HjJcUIix0mdifn15yjOAat5lTA==}
    dev: true

  /@types/node@20.11.25:
    resolution: {integrity: sha512-TBHyJxk2b7HceLVGFcpAUjsa5zIdsPWlR6XHfyGzd0SFu+/NFgQgMAl96MSDZgQDvJAvV6BKsFOrt6zIL09JDw==}
    dependencies:
      undici-types: 5.26.5
    dev: true

  /fast-xml-parser@3.21.1:
    resolution: {integrity: sha512-FTFVjYoBOZTJekiUsawGsSYV9QL0A+zDYCRj7y34IO6Jg+2IMYEtQa+bbictpdpV8dHxXywqU7C0gRDEOFtBFg==}
    hasBin: true
    dependencies:
      strnum: 1.0.5
    dev: false

  /strnum@1.0.5:
    resolution: {integrity: sha512-J8bbNyKKXl5qYcR36TIO8W3mVGVHrmmxsd5PAItGkmyzwJvybiw2IVq5nqd0i4LSNSkB/sx9VHllbfFdr9k1JA==}
    dev: false

  /undici-types@5.26.5:
    resolution: {integrity: sha512-JlCMO+ehdEIKqlFxk6IfVoAUVmgz7cU7zD/h9XZ0qzeosSHmUJVOzSQvvYSYWXkFXC+IfLKSIffhv0sVZup6pA==}
    dev: true
