lockfileVersion: '9.0'

settings:
  autoInstallPeers: true
  excludeLinksFromLockfile: false

importers:

  .:
    dependencies:
      '@bods-integrated-data/shared':
        specifier: workspace:^
        version: link:../../shared
      fast-xml-parser:
        specifier: ^4.4.1
        version: 4.4.1
      zod:
        specifier: 3.23.8
        version: 3.23.8
      zod-validation-error:
        specifier: ^3.3.0
        version: 3.3.1(zod@3.23.8)
    devDependencies:
      '@types/aws-lambda':
        specifier: ^8.10.110
        version: 8.10.143
      '@types/node':
        specifier: ^20.11.19
        version: 20.14.15

packages:

  '@types/aws-lambda@8.10.143':
    resolution: {integrity: sha512-u5vzlcR14ge/4pMTTMDQr3MF0wEe38B2F9o84uC4F43vN5DGTy63npRrB6jQhyt+C0lGv4ZfiRcRkqJoZuPnmg==}

  '@types/node@20.14.15':
    resolution: {integrity: sha512-Fz1xDMCF/B00/tYSVMlmK7hVeLh7jE5f3B7X1/hmV0MJBwE27KlS7EvD/Yp+z1lm8mVhwV5w+n8jOZG8AfTlKw==}

  fast-xml-parser@4.4.1:
    resolution: {integrity: sha512-xkjOecfnKGkSsOwtZ5Pz7Us/T6mrbPQrq0nh+aCO5V9nk5NLWmasAHumTKjiPJPWANe+kAZ84Jc8ooJkzZ88Sw==}
    hasBin: true

  strnum@1.0.5:
    resolution: {integrity: sha512-J8bbNyKKXl5qYcR36TIO8W3mVGVHrmmxsd5PAItGkmyzwJvybiw2IVq5nqd0i4LSNSkB/sx9VHllbfFdr9k1JA==}

  undici-types@5.26.5:
    resolution: {integrity: sha512-JlCMO+ehdEIKqlFxk6IfVoAUVmgz7cU7zD/h9XZ0qzeosSHmUJVOzSQvvYSYWXkFXC+IfLKSIffhv0sVZup6pA==}

  zod-validation-error@3.3.1:
    resolution: {integrity: sha512-uFzCZz7FQis256dqw4AhPQgD6f3pzNca/Zh62RNELavlumQB3nDIUFbF5JQfFLcMbO1s02Q7Xg/gpcOBlEnYZA==}
    engines: {node: '>=18.0.0'}
    peerDependencies:
      zod: ^3.18.0

  zod@3.23.8:
    resolution: {integrity: sha512-XBx9AXhXktjUqnepgTiE5flcKIYWi/rme0Eaj+5Y0lftuGBq+jyRu/md4WnuxqgP1ubdpNCsYEYPxrzVHD8d6g==}

snapshots:

  '@types/aws-lambda@8.10.143': {}

  '@types/node@20.14.15':
    dependencies:
      undici-types: 5.26.5

  fast-xml-parser@4.4.1:
    dependencies:
      strnum: 1.0.5

  strnum@1.0.5: {}

  undici-types@5.26.5: {}

  zod-validation-error@3.3.1(zod@3.23.8):
    dependencies:
      zod: 3.23.8

  zod@3.23.8: {}
