lockfileVersion: '6.0'

settings:
  autoInstallPeers: true
  excludeLinksFromLockfile: false

dependencies:
  '@baselime/lambda-logger':
    specifier: ^0.2.2
    version: 0.2.2
  '@bods-integrated-data/shared':
    specifier: workspace:^
    version: link:../../shared
  fast-xml-parser:
    specifier: ^4.3.5
    version: 4.3.5
  kysely:
    specifier: ^0.27.3
    version: 0.27.3
  node-object-hash:
    specifier: ^3.0.0
    version: 3.0.0
  zod-validation-error:
    specifier: ^3.0.3
    version: 3.0.3(zod@3.22.4)

devDependencies:
  '@types/aws-lambda':
    specifier: ^8.10.134
    version: 8.10.135
  '@types/node':
    specifier: ^20.11.19
    version: 20.11.24
  dayjs:
    specifier: ^1.11.10
    version: 1.11.10

packages:

  /@baselime/lambda-logger@0.2.2:
    resolution: {integrity: sha512-32jmqKYZgVskg4aA/bLwmrO3HsklR/mutqd4U1qtCtvAWauBZ5yre/WMinJxPkdicrYS1djr1e8g9x2hQRvBDg==}
    dev: false

  /@types/aws-lambda@8.10.135:
    resolution: {integrity: sha512-kD3aDbS5la1LcS89a4bJTLVSJI5euO2fx3euZTge7SbArH7+kcoLS+lK87cdI5GCEfiBQSio5gz546N0FhMmjg==}
    dev: true

  /@types/node@20.11.24:
    resolution: {integrity: sha512-Kza43ewS3xoLgCEpQrsT+xRo/EJej1y0kVYGiLFE1NEODXGzTfwiC6tXTLMQskn1X4/Rjlh0MQUvx9W+L9long==}
    dependencies:
      undici-types: 5.26.5
    dev: true

  /dayjs@1.11.10:
    resolution: {integrity: sha512-vjAczensTgRcqDERK0SR2XMwsF/tSvnvlv6VcF2GIhg6Sx4yOIt/irsr1RDJsKiIyBzJDpCoXiWWq28MqH2cnQ==}
    dev: true

  /fast-xml-parser@4.3.5:
    resolution: {integrity: sha512-sWvP1Pl8H03B8oFJpFR3HE31HUfwtX7Rlf9BNsvdpujD4n7WMhfmu8h9wOV2u+c1k0ZilTADhPqypzx2J690ZQ==}
    hasBin: true
    dependencies:
      strnum: 1.0.5
    dev: false

  /kysely@0.27.3:
    resolution: {integrity: sha512-lG03Ru+XyOJFsjH3OMY6R/9U38IjDPfnOfDgO3ynhbDr+Dz8fak+X6L62vqu3iybQnj+lG84OttBuU9KY3L9kA==}
    engines: {node: '>=14.0.0'}
    dev: false

  /node-object-hash@3.0.0:
    resolution: {integrity: sha512-jLF6tlyletktvSAawuPmH1SReP0YfZQ+tBrDiTCK+Ai7eXPMS9odi5xW/iKC7ZhrWJJ0Z5xYcW/x+1fVMn1Qvw==}
    engines: {node: '>=16', pnpm: '>=8'}
    dev: false

  /strnum@1.0.5:
    resolution: {integrity: sha512-J8bbNyKKXl5qYcR36TIO8W3mVGVHrmmxsd5PAItGkmyzwJvybiw2IVq5nqd0i4LSNSkB/sx9VHllbfFdr9k1JA==}
    dev: false

  /undici-types@5.26.5:
    resolution: {integrity: sha512-JlCMO+ehdEIKqlFxk6IfVoAUVmgz7cU7zD/h9XZ0qzeosSHmUJVOzSQvvYSYWXkFXC+IfLKSIffhv0sVZup6pA==}
    dev: true

  /zod-validation-error@3.0.3(zod@3.22.4):
    resolution: {integrity: sha512-cETTrcMq3Ze58vhdR0zD37uJm/694I6mAxcf/ei5bl89cC++fBNxrC2z8lkFze/8hVMPwrbtrwXHR2LB50fpHw==}
    engines: {node: '>=18.0.0'}
    peerDependencies:
      zod: ^3.18.0
    dependencies:
      zod: 3.22.4
    dev: false

  /zod@3.22.4:
    resolution: {integrity: sha512-iC+8Io04lddc+mVqQ9AZ7OQ2MrUKGN+oIQyq1vemgt46jwCwLfhq7/pwnBnNXXXZb8VTVLKwp9EDkx+ryxIWmg==}
    dev: false
