lockfileVersion: '9.0'

settings:
  autoInstallPeers: true
  excludeLinksFromLockfile: false

importers:

  .:
    dependencies:
      '@bods-integrated-data/shared':
        specifier: workspace:^
        version: link:../../shared
      exponential-backoff:
        specifier: ^3.1.1
        version: 3.1.1
      fast-xml-parser:
        specifier: ^4.4.1
        version: 4.4.1
      kysely:
        specifier: ^0.27.3
        version: 0.27.3
      node-object-hash:
        specifier: ^3.0.0
        version: 3.0.0
      ospoint:
        specifier: ^0.2.1
        version: 0.2.1
      zod:
        specifier: 3.23.8
        version: 3.23.8
      zod-validation-error:
        specifier: ^3.3.0
        version: 3.3.0(zod@3.23.8)
    devDependencies:
      '@types/aws-lambda':
        specifier: ^8.10.134
        version: 8.10.135
      '@types/node':
        specifier: ^22.15.18
        version: 22.15.18
      dayjs:
        specifier: ^1.11.10
        version: 1.11.10
      mockdate:
        specifier: ^3.0.5
        version: 3.0.5

packages:

  '@types/aws-lambda@8.10.135':
    resolution: {integrity: sha512-kD3aDbS5la1LcS89a4bJTLVSJI5euO2fx3euZTge7SbArH7+kcoLS+lK87cdI5GCEfiBQSio5gz546N0FhMmjg==}

  '@types/node@22.15.18':
    resolution: {integrity: sha512-v1DKRfUdyW+jJhZNEI1PYy29S2YRxMV5AOO/x/SjKmW0acCIOqmbj6Haf9eHAhsPmrhlHSxEhv/1WszcLWV4cg==}

  dayjs@1.11.10:
    resolution: {integrity: sha512-vjAczensTgRcqDERK0SR2XMwsF/tSvnvlv6VcF2GIhg6Sx4yOIt/irsr1RDJsKiIyBzJDpCoXiWWq28MqH2cnQ==}

  exponential-backoff@3.1.1:
    resolution: {integrity: sha512-dX7e/LHVJ6W3DE1MHWi9S1EYzDESENfLrYohG2G++ovZrYOkm4Knwa0mc1cn84xJOR4KEU0WSchhLbd0UklbHw==}

  fast-xml-parser@4.4.1:
    resolution: {integrity: sha512-xkjOecfnKGkSsOwtZ5Pz7Us/T6mrbPQrq0nh+aCO5V9nk5NLWmasAHumTKjiPJPWANe+kAZ84Jc8ooJkzZ88Sw==}
    hasBin: true

  kysely@0.27.3:
    resolution: {integrity: sha512-lG03Ru+XyOJFsjH3OMY6R/9U38IjDPfnOfDgO3ynhbDr+Dz8fak+X6L62vqu3iybQnj+lG84OttBuU9KY3L9kA==}
    engines: {node: '>=14.0.0'}

  mockdate@3.0.5:
    resolution: {integrity: sha512-iniQP4rj1FhBdBYS/+eQv7j1tadJ9lJtdzgOpvsOHng/GbcDh2Fhdeq+ZRldrPYdXvCyfFUmFeEwEGXZB5I/AQ==}

  node-object-hash@3.0.0:
    resolution: {integrity: sha512-jLF6tlyletktvSAawuPmH1SReP0YfZQ+tBrDiTCK+Ai7eXPMS9odi5xW/iKC7ZhrWJJ0Z5xYcW/x+1fVMn1Qvw==}
    engines: {node: '>=16', pnpm: '>=8'}

  ospoint@0.2.1:
    resolution: {integrity: sha512-P3unHc+SfN5JLyjrR+NLdMvhK2YWoupSJj3yo0OyRlZ8S1wn3Jt6Alv+UmB+h6y0Y3MGYvn9pRlLEapayPO5KQ==}

  strnum@1.0.5:
    resolution: {integrity: sha512-J8bbNyKKXl5qYcR36TIO8W3mVGVHrmmxsd5PAItGkmyzwJvybiw2IVq5nqd0i4LSNSkB/sx9VHllbfFdr9k1JA==}

  undici-types@6.21.0:
    resolution: {integrity: sha512-iwDZqg0QAGrg9Rav5H4n0M64c3mkR59cJ6wQp+7C4nI0gsmExaedaYLNO44eT4AtBBwjbTiGPMlt2Md0T9H9JQ==}

  zod-validation-error@3.3.0:
    resolution: {integrity: sha512-Syib9oumw1NTqEv4LT0e6U83Td9aVRk9iTXPUQr1otyV1PuXQKOvOwhMNqZIq5hluzHP2pMgnOmHEo7kPdI2mw==}
    engines: {node: '>=18.0.0'}
    peerDependencies:
      zod: ^3.18.0

  zod@3.23.8:
    resolution: {integrity: sha512-XBx9AXhXktjUqnepgTiE5flcKIYWi/rme0Eaj+5Y0lftuGBq+jyRu/md4WnuxqgP1ubdpNCsYEYPxrzVHD8d6g==}

snapshots:

  '@types/aws-lambda@8.10.135': {}

  '@types/node@22.15.18':
    dependencies:
      undici-types: 6.21.0

  dayjs@1.11.10: {}

  exponential-backoff@3.1.1: {}

  fast-xml-parser@4.4.1:
    dependencies:
      strnum: 1.0.5

  kysely@0.27.3: {}

  mockdate@3.0.5: {}

  node-object-hash@3.0.0: {}

  ospoint@0.2.1: {}

  strnum@1.0.5: {}

  undici-types@6.21.0: {}

  zod-validation-error@3.3.0(zod@3.23.8):
    dependencies:
      zod: 3.23.8

  zod@3.23.8: {}
