lockfileVersion: '6.0'

settings:
  autoInstallPeers: true
  excludeLinksFromLockfile: false

dependencies:
  '@bods-integrated-data/shared':
    specifier: workspace:^
    version: link:../../shared

devDependencies:
  '@types/aws-lambda':
    specifier: ^8.10.110
    version: 8.10.143
  '@types/node':
    specifier: ^20.11.19
    version: 20.16.1

packages:

  /@types/aws-lambda@8.10.143:
    resolution: {integrity: sha512-u5vzlcR14ge/4pMTTMDQr3MF0wEe38B2F9o84uC4F43vN5DGTy63npRrB6jQhyt+C0lGv4ZfiRcRkqJoZuPnmg==}
    dev: true

  /@types/node@20.16.1:
    resolution: {integrity: sha512-zJDo7wEadFtSyNz5QITDfRcrhqDvQI1xQNQ0VoizPjM/dVAODqqIUWbJPkvsxmTI0MYRGRikcdjMPhOssnPejQ==}
    dependencies:
      undici-types: 6.19.8
    dev: true

  /undici-types@6.19.8:
    resolution: {integrity: sha512-ve2KP6f/JnbPBFyobGHuerC9g1FYGn/F8n1LWTwNxCEzd6IfqTwUQcNXgEtmmQ6DlRrC1hrSrBnCZPokRrDHjw==}
    dev: true
