lockfileVersion: '6.0'

settings:
  autoInstallPeers: true
  excludeLinksFromLockfile: false

dependencies:
  '@bods-integrated-data/shared':
    specifier: workspace:^
    version: link:../../shared

devDependencies:
  '@types/aws-lambda':
    specifier: ^8.10.110
    version: 8.10.145
  '@types/node':
    specifier: ^20.11.19
    version: 20.16.6

packages:

  /@types/aws-lambda@8.10.145:
    resolution: {integrity: sha512-dtByW6WiFk5W5Jfgz1VM+YPA21xMXTuSFoLYIDY0L44jDLLflVPtZkYuu3/YxpGcvjzKFBZLU+GyKjR0HOYtyw==}
    dev: true

  /@types/node@20.16.6:
    resolution: {integrity: sha512-T7PpxM/6yeDE+AdlVysT62BX6/bECZOmQAgiFg5NoBd5MQheZ3tzal7f1wvzfiEcmrcJNRi2zRr2nY2zF+0uqw==}
    dependencies:
      undici-types: 6.19.8
    dev: true

  /undici-types@6.19.8:
    resolution: {integrity: sha512-ve2KP6f/JnbPBFyobGHuerC9g1FYGn/F8n1LWTwNxCEzd6IfqTwUQcNXgEtmmQ6DlRrC1hrSrBnCZPokRrDHjw==}
    dev: true
