lockfileVersion: '9.0'

settings:
  autoInstallPeers: true
  excludeLinksFromLockfile: false

importers:

  .:
    dependencies:
      '@bods-integrated-data/shared':
        specifier: workspace:^
        version: link:../../shared
      fast-xml-parser:
        specifier: ^5.2.3
        version: 5.2.3
      kysely:
        specifier: 0.27.3
        version: 0.27.3
      zod:
        specifier: 3.23.8
        version: 3.23.8
    devDependencies:
      '@types/aws-lambda':
        specifier: ^8.10.110
        version: 8.10.149
      '@types/node':
        specifier: ^20.11.19
        version: 20.17.57

packages:

  '@types/aws-lambda@8.10.149':
    resolution: {integrity: sha512-NXSZIhfJjnXqJgtS7IwutqIF/SOy1Wz5Px4gUY1RWITp3AYTyuJS4xaXr/bIJY1v15XMzrJ5soGnPM+7uigZjA==}

  '@types/node@20.17.57':
    resolution: {integrity: sha512-f3T4y6VU4fVQDKVqJV4Uppy8c1p/sVvS3peyqxyWnzkqXFJLRU7Y1Bl7rMS1Qe9z0v4M6McY0Fp9yBsgHJUsWQ==}

  fast-xml-parser@5.2.3:
    resolution: {integrity: sha512-OdCYfRqfpuLUFonTNjvd30rCBZUneHpSQkCqfaeWQ9qrKcl6XlWeDBNVwGb+INAIxRshuN2jF+BE0L6gbBO2mw==}
    hasBin: true

  kysely@0.27.3:
    resolution: {integrity: sha512-lG03Ru+XyOJFsjH3OMY6R/9U38IjDPfnOfDgO3ynhbDr+Dz8fak+X6L62vqu3iybQnj+lG84OttBuU9KY3L9kA==}
    engines: {node: '>=14.0.0'}

  strnum@2.1.1:
    resolution: {integrity: sha512-7ZvoFTiCnGxBtDqJ//Cu6fWtZtc7Y3x+QOirG15wztbdngGSkht27o2pyGWrVy0b4WAy3jbKmnoK6g5VlVNUUw==}

  undici-types@6.19.8:
    resolution: {integrity: sha512-ve2KP6f/JnbPBFyobGHuerC9g1FYGn/F8n1LWTwNxCEzd6IfqTwUQcNXgEtmmQ6DlRrC1hrSrBnCZPokRrDHjw==}

  zod@3.23.8:
    resolution: {integrity: sha512-XBx9AXhXktjUqnepgTiE5flcKIYWi/rme0Eaj+5Y0lftuGBq+jyRu/md4WnuxqgP1ubdpNCsYEYPxrzVHD8d6g==}

snapshots:

  '@types/aws-lambda@8.10.149': {}

  '@types/node@20.17.57':
    dependencies:
      undici-types: 6.19.8

  fast-xml-parser@5.2.3:
    dependencies:
      strnum: 2.1.1

  kysely@0.27.3: {}

  strnum@2.1.1: {}

  undici-types@6.19.8: {}

  zod@3.23.8: {}
