lockfileVersion: '9.0'

settings:
  autoInstallPeers: true
  excludeLinksFromLockfile: false

importers:

  .:
    dependencies:
      '@bods-integrated-data/shared':
        specifier: workspace:^
        version: link:../../shared
      fast-xml-parser:
        specifier: ^5.2.3
        version: 5.2.3
      kysely:
        specifier: 0.27.3
        version: 0.27.3
      zod:
        specifier: 3.23.8
        version: 3.23.8
    devDependencies:
      '@types/aws-lambda':
        specifier: ^8.10.110
        version: 8.10.149
      '@types/node':
        specifier: ^22.13.14
        version: 22.15.32
      mockdate:
        specifier: ^3.0.5
        version: 3.0.5

packages:

  '@types/aws-lambda@8.10.149':
    resolution: {integrity: sha512-NXSZIhfJjnXqJgtS7IwutqIF/SOy1Wz5Px4gUY1RWITp3AYTyuJS4xaXr/bIJY1v15XMzrJ5soGnPM+7uigZjA==}

  '@types/node@22.15.32':
    resolution: {integrity: sha512-3jigKqgSjsH6gYZv2nEsqdXfZqIFGAV36XYYjf9KGZ3PSG+IhLecqPnI310RvjutyMwifE2hhhNEklOUrvx/wA==}

  fast-xml-parser@5.2.3:
    resolution: {integrity: sha512-OdCYfRqfpuLUFonTNjvd30rCBZUneHpSQkCqfaeWQ9qrKcl6XlWeDBNVwGb+INAIxRshuN2jF+BE0L6gbBO2mw==}
    hasBin: true

  kysely@0.27.3:
    resolution: {integrity: sha512-lG03Ru+XyOJFsjH3OMY6R/9U38IjDPfnOfDgO3ynhbDr+Dz8fak+X6L62vqu3iybQnj+lG84OttBuU9KY3L9kA==}
    engines: {node: '>=14.0.0'}

  mockdate@3.0.5:
    resolution: {integrity: sha512-iniQP4rj1FhBdBYS/+eQv7j1tadJ9lJtdzgOpvsOHng/GbcDh2Fhdeq+ZRldrPYdXvCyfFUmFeEwEGXZB5I/AQ==}

  strnum@2.1.1:
    resolution: {integrity: sha512-7ZvoFTiCnGxBtDqJ//Cu6fWtZtc7Y3x+QOirG15wztbdngGSkht27o2pyGWrVy0b4WAy3jbKmnoK6g5VlVNUUw==}

  undici-types@6.21.0:
    resolution: {integrity: sha512-iwDZqg0QAGrg9Rav5H4n0M64c3mkR59cJ6wQp+7C4nI0gsmExaedaYLNO44eT4AtBBwjbTiGPMlt2Md0T9H9JQ==}

  zod@3.23.8:
    resolution: {integrity: sha512-XBx9AXhXktjUqnepgTiE5flcKIYWi/rme0Eaj+5Y0lftuGBq+jyRu/md4WnuxqgP1ubdpNCsYEYPxrzVHD8d6g==}

snapshots:

  '@types/aws-lambda@8.10.149': {}

  '@types/node@22.15.32':
    dependencies:
      undici-types: 6.21.0

  fast-xml-parser@5.2.3:
    dependencies:
      strnum: 2.1.1

  kysely@0.27.3: {}

  mockdate@3.0.5: {}

  strnum@2.1.1: {}

  undici-types@6.21.0: {}

  zod@3.23.8: {}
