lockfileVersion: '6.0'

settings:
  autoInstallPeers: true
  excludeLinksFromLockfile: false

dependencies:
  '@aws-sdk/client-secrets-manager':
    specifier: ^3.623.0
    version: 3.623.0
  '@bods-integrated-data/shared':
    specifier: workspace:^
    version: link:../../shared
  bluebird:
    specifier: ^3.7.2
    version: 3.7.2
  kysely:
    specifier: ^0.27.3
    version: 0.27.3
  ospoint:
    specifier: ^0.2.1
    version: 0.2.1
  papaparse:
    specifier: ^5.4.1
    version: 5.4.1
  pg:
    specifier: ^8.11.3
    version: 8.11.3

devDependencies:
  '@types/aws-lambda':
    specifier: ^8.10.134
    version: 8.10.134
  '@types/bluebird':
    specifier: ^3.5.42
    version: 3.5.42
  '@types/node':
    specifier: ^20.11.19
    version: 20.11.19
  '@types/papaparse':
    specifier: ^5.3.14
    version: 5.3.14
  '@types/pg':
    specifier: ^8.11.0
    version: 8.11.0

packages:

  /@aws-crypto/sha256-browser@5.2.0:
    resolution: {integrity: sha512-AXfN/lGotSQwu6HNcEsIASo7kWXZ5HYWvfOmSNKDsEqC4OashTp8alTmaz+F7TC2L083SFv5RdB+qU3Vs1kZqw==}
    dependencies:
      '@aws-crypto/sha256-js': 5.2.0
      '@aws-crypto/supports-web-crypto': 5.2.0
      '@aws-crypto/util': 5.2.0
      '@aws-sdk/types': 3.609.0
      '@aws-sdk/util-locate-window': 3.495.0
      '@smithy/util-utf8': 2.3.0
      tslib: 2.6.2
    dev: false

  /@aws-crypto/sha256-js@5.2.0:
    resolution: {integrity: sha512-FFQQyu7edu4ufvIZ+OadFpHHOt+eSTBaYaki44c+akjg7qZg9oOQeLlk77F6tSYqjDAFClrHJk9tMf0HdVyOvA==}
    engines: {node: '>=16.0.0'}
    dependencies:
      '@aws-crypto/util': 5.2.0
      '@aws-sdk/types': 3.609.0
      tslib: 2.6.2
    dev: false

  /@aws-crypto/supports-web-crypto@5.2.0:
    resolution: {integrity: sha512-iAvUotm021kM33eCdNfwIN//F77/IADDSs58i+MDaOqFrVjZo9bAal0NK7HurRuWLLpF1iLX7gbWrjHjeo+YFg==}
    dependencies:
      tslib: 2.6.2
    dev: false

  /@aws-crypto/util@5.2.0:
    resolution: {integrity: sha512-4RkU9EsI6ZpBve5fseQlGNUWKMa1RLPQ1dnjnQoe07ldfIzcsGb5hC5W0Dm7u423KWzawlrpbjXBrXCEv9zazQ==}
    dependencies:
      '@aws-sdk/types': 3.609.0
      '@smithy/util-utf8': 2.3.0
      tslib: 2.6.2
    dev: false

  /@aws-sdk/client-secrets-manager@3.623.0:
    resolution: {integrity: sha512-F9fdT8XHZC6thaW7Cw1VFii+gv0Qzth357XjW11CRa1LJ3hCdyYbfNA7QXZlWAvs2ZIAoX8njXmqnR7FVp1IYw==}
    engines: {node: '>=16.0.0'}
    dependencies:
      '@aws-crypto/sha256-browser': 5.2.0
      '@aws-crypto/sha256-js': 5.2.0
      '@aws-sdk/client-sso-oidc': 3.623.0(@aws-sdk/client-sts@3.623.0)
      '@aws-sdk/client-sts': 3.623.0
      '@aws-sdk/core': 3.623.0
      '@aws-sdk/credential-provider-node': 3.623.0(@aws-sdk/client-sso-oidc@3.623.0)(@aws-sdk/client-sts@3.623.0)
      '@aws-sdk/middleware-host-header': 3.620.0
      '@aws-sdk/middleware-logger': 3.609.0
      '@aws-sdk/middleware-recursion-detection': 3.620.0
      '@aws-sdk/middleware-user-agent': 3.620.0
      '@aws-sdk/region-config-resolver': 3.614.0
      '@aws-sdk/types': 3.609.0
      '@aws-sdk/util-endpoints': 3.614.0
      '@aws-sdk/util-user-agent-browser': 3.609.0
      '@aws-sdk/util-user-agent-node': 3.614.0
      '@smithy/config-resolver': 3.0.5
      '@smithy/core': 2.3.2
      '@smithy/fetch-http-handler': 3.2.4
      '@smithy/hash-node': 3.0.3
      '@smithy/invalid-dependency': 3.0.3
      '@smithy/middleware-content-length': 3.0.5
      '@smithy/middleware-endpoint': 3.1.0
      '@smithy/middleware-retry': 3.0.14
      '@smithy/middleware-serde': 3.0.3
      '@smithy/middleware-stack': 3.0.3
      '@smithy/node-config-provider': 3.1.4
      '@smithy/node-http-handler': 3.1.4
      '@smithy/protocol-http': 4.1.0
      '@smithy/smithy-client': 3.1.12
      '@smithy/types': 3.3.0
      '@smithy/url-parser': 3.0.3
      '@smithy/util-base64': 3.0.0
      '@smithy/util-body-length-browser': 3.0.0
      '@smithy/util-body-length-node': 3.0.0
      '@smithy/util-defaults-mode-browser': 3.0.14
      '@smithy/util-defaults-mode-node': 3.0.14
      '@smithy/util-endpoints': 2.0.5
      '@smithy/util-middleware': 3.0.3
      '@smithy/util-retry': 3.0.3
      '@smithy/util-utf8': 3.0.0
      tslib: 2.6.2
      uuid: 9.0.1
    transitivePeerDependencies:
      - aws-crt
    dev: false

  /@aws-sdk/client-sso-oidc@3.623.0(@aws-sdk/client-sts@3.623.0):
    resolution: {integrity: sha512-lMFEXCa6ES/FGV7hpyrppT1PiAkqQb51AbG0zVU3TIgI2IO4XX02uzMUXImRSRqRpGymRCbJCaCs9LtKvS/37Q==}
    engines: {node: '>=16.0.0'}
    peerDependencies:
      '@aws-sdk/client-sts': ^3.623.0
    dependencies:
      '@aws-crypto/sha256-browser': 5.2.0
      '@aws-crypto/sha256-js': 5.2.0
      '@aws-sdk/client-sts': 3.623.0
      '@aws-sdk/core': 3.623.0
      '@aws-sdk/credential-provider-node': 3.623.0(@aws-sdk/client-sso-oidc@3.623.0)(@aws-sdk/client-sts@3.623.0)
      '@aws-sdk/middleware-host-header': 3.620.0
      '@aws-sdk/middleware-logger': 3.609.0
      '@aws-sdk/middleware-recursion-detection': 3.620.0
      '@aws-sdk/middleware-user-agent': 3.620.0
      '@aws-sdk/region-config-resolver': 3.614.0
      '@aws-sdk/types': 3.609.0
      '@aws-sdk/util-endpoints': 3.614.0
      '@aws-sdk/util-user-agent-browser': 3.609.0
      '@aws-sdk/util-user-agent-node': 3.614.0
      '@smithy/config-resolver': 3.0.5
      '@smithy/core': 2.3.2
      '@smithy/fetch-http-handler': 3.2.4
      '@smithy/hash-node': 3.0.3
      '@smithy/invalid-dependency': 3.0.3
      '@smithy/middleware-content-length': 3.0.5
      '@smithy/middleware-endpoint': 3.1.0
      '@smithy/middleware-retry': 3.0.14
      '@smithy/middleware-serde': 3.0.3
      '@smithy/middleware-stack': 3.0.3
      '@smithy/node-config-provider': 3.1.4
      '@smithy/node-http-handler': 3.1.4
      '@smithy/protocol-http': 4.1.0
      '@smithy/smithy-client': 3.1.12
      '@smithy/types': 3.3.0
      '@smithy/url-parser': 3.0.3
      '@smithy/util-base64': 3.0.0
      '@smithy/util-body-length-browser': 3.0.0
      '@smithy/util-body-length-node': 3.0.0
      '@smithy/util-defaults-mode-browser': 3.0.14
      '@smithy/util-defaults-mode-node': 3.0.14
      '@smithy/util-endpoints': 2.0.5
      '@smithy/util-middleware': 3.0.3
      '@smithy/util-retry': 3.0.3
      '@smithy/util-utf8': 3.0.0
      tslib: 2.6.2
    transitivePeerDependencies:
      - aws-crt
    dev: false

  /@aws-sdk/client-sso@3.623.0:
    resolution: {integrity: sha512-oEACriysQMnHIVcNp7TD6D1nzgiHfYK0tmMBMbUxgoFuCBkW9g9QYvspHN+S9KgoePfMEXHuPUe9mtG9AH9XeA==}
    engines: {node: '>=16.0.0'}
    dependencies:
      '@aws-crypto/sha256-browser': 5.2.0
      '@aws-crypto/sha256-js': 5.2.0
      '@aws-sdk/core': 3.623.0
      '@aws-sdk/middleware-host-header': 3.620.0
      '@aws-sdk/middleware-logger': 3.609.0
      '@aws-sdk/middleware-recursion-detection': 3.620.0
      '@aws-sdk/middleware-user-agent': 3.620.0
      '@aws-sdk/region-config-resolver': 3.614.0
      '@aws-sdk/types': 3.609.0
      '@aws-sdk/util-endpoints': 3.614.0
      '@aws-sdk/util-user-agent-browser': 3.609.0
      '@aws-sdk/util-user-agent-node': 3.614.0
      '@smithy/config-resolver': 3.0.5
      '@smithy/core': 2.3.2
      '@smithy/fetch-http-handler': 3.2.4
      '@smithy/hash-node': 3.0.3
      '@smithy/invalid-dependency': 3.0.3
      '@smithy/middleware-content-length': 3.0.5
      '@smithy/middleware-endpoint': 3.1.0
      '@smithy/middleware-retry': 3.0.14
      '@smithy/middleware-serde': 3.0.3
      '@smithy/middleware-stack': 3.0.3
      '@smithy/node-config-provider': 3.1.4
      '@smithy/node-http-handler': 3.1.4
      '@smithy/protocol-http': 4.1.0
      '@smithy/smithy-client': 3.1.12
      '@smithy/types': 3.3.0
      '@smithy/url-parser': 3.0.3
      '@smithy/util-base64': 3.0.0
      '@smithy/util-body-length-browser': 3.0.0
      '@smithy/util-body-length-node': 3.0.0
      '@smithy/util-defaults-mode-browser': 3.0.14
      '@smithy/util-defaults-mode-node': 3.0.14
      '@smithy/util-endpoints': 2.0.5
      '@smithy/util-middleware': 3.0.3
      '@smithy/util-retry': 3.0.3
      '@smithy/util-utf8': 3.0.0
      tslib: 2.6.2
    transitivePeerDependencies:
      - aws-crt
    dev: false

  /@aws-sdk/client-sts@3.623.0:
    resolution: {integrity: sha512-iJNdx76SOw0YjHAUv8aj3HXzSu3TKI7qSGuR+OGATwA/kpJZDd+4+WYBdGtr8YK+hPrGGqhfecuCkEg805O5iA==}
    engines: {node: '>=16.0.0'}
    dependencies:
      '@aws-crypto/sha256-browser': 5.2.0
      '@aws-crypto/sha256-js': 5.2.0
      '@aws-sdk/client-sso-oidc': 3.623.0(@aws-sdk/client-sts@3.623.0)
      '@aws-sdk/core': 3.623.0
      '@aws-sdk/credential-provider-node': 3.623.0(@aws-sdk/client-sso-oidc@3.623.0)(@aws-sdk/client-sts@3.623.0)
      '@aws-sdk/middleware-host-header': 3.620.0
      '@aws-sdk/middleware-logger': 3.609.0
      '@aws-sdk/middleware-recursion-detection': 3.620.0
      '@aws-sdk/middleware-user-agent': 3.620.0
      '@aws-sdk/region-config-resolver': 3.614.0
      '@aws-sdk/types': 3.609.0
      '@aws-sdk/util-endpoints': 3.614.0
      '@aws-sdk/util-user-agent-browser': 3.609.0
      '@aws-sdk/util-user-agent-node': 3.614.0
      '@smithy/config-resolver': 3.0.5
      '@smithy/core': 2.3.2
      '@smithy/fetch-http-handler': 3.2.4
      '@smithy/hash-node': 3.0.3
      '@smithy/invalid-dependency': 3.0.3
      '@smithy/middleware-content-length': 3.0.5
      '@smithy/middleware-endpoint': 3.1.0
      '@smithy/middleware-retry': 3.0.14
      '@smithy/middleware-serde': 3.0.3
      '@smithy/middleware-stack': 3.0.3
      '@smithy/node-config-provider': 3.1.4
      '@smithy/node-http-handler': 3.1.4
      '@smithy/protocol-http': 4.1.0
      '@smithy/smithy-client': 3.1.12
      '@smithy/types': 3.3.0
      '@smithy/url-parser': 3.0.3
      '@smithy/util-base64': 3.0.0
      '@smithy/util-body-length-browser': 3.0.0
      '@smithy/util-body-length-node': 3.0.0
      '@smithy/util-defaults-mode-browser': 3.0.14
      '@smithy/util-defaults-mode-node': 3.0.14
      '@smithy/util-endpoints': 2.0.5
      '@smithy/util-middleware': 3.0.3
      '@smithy/util-retry': 3.0.3
      '@smithy/util-utf8': 3.0.0
      tslib: 2.6.2
    transitivePeerDependencies:
      - aws-crt
    dev: false

  /@aws-sdk/core@3.623.0:
    resolution: {integrity: sha512-8Toq3X6trX/67obSdh4K0MFQY4f132bEbr1i0YPDWk/O3KdBt12mLC/sW3aVRnlIs110XMuX9yrWWqJ8fDW10g==}
    engines: {node: '>=16.0.0'}
    dependencies:
      '@smithy/core': 2.3.2
      '@smithy/node-config-provider': 3.1.4
      '@smithy/protocol-http': 4.1.0
      '@smithy/signature-v4': 4.1.0
      '@smithy/smithy-client': 3.1.12
      '@smithy/types': 3.3.0
      '@smithy/util-middleware': 3.0.3
      fast-xml-parser: 4.4.1
      tslib: 2.6.2
    dev: false

  /@aws-sdk/credential-provider-env@3.620.1:
    resolution: {integrity: sha512-ExuILJ2qLW5ZO+rgkNRj0xiAipKT16Rk77buvPP8csR7kkCflT/gXTyzRe/uzIiETTxM7tr8xuO9MP/DQXqkfg==}
    engines: {node: '>=16.0.0'}
    dependencies:
      '@aws-sdk/types': 3.609.0
      '@smithy/property-provider': 3.1.3
      '@smithy/types': 3.3.0
      tslib: 2.6.2
    dev: false

  /@aws-sdk/credential-provider-http@3.622.0:
    resolution: {integrity: sha512-VUHbr24Oll1RK3WR8XLUugLpgK9ZuxEm/NVeVqyFts1Ck9gsKpRg1x4eH7L7tW3SJ4TDEQNMbD7/7J+eoL2svg==}
    engines: {node: '>=16.0.0'}
    dependencies:
      '@aws-sdk/types': 3.609.0
      '@smithy/fetch-http-handler': 3.2.4
      '@smithy/node-http-handler': 3.1.4
      '@smithy/property-provider': 3.1.3
      '@smithy/protocol-http': 4.1.0
      '@smithy/smithy-client': 3.1.12
      '@smithy/types': 3.3.0
      '@smithy/util-stream': 3.1.3
      tslib: 2.6.2
    dev: false

  /@aws-sdk/credential-provider-ini@3.623.0(@aws-sdk/client-sso-oidc@3.623.0)(@aws-sdk/client-sts@3.623.0):
    resolution: {integrity: sha512-kvXA1SwGneqGzFwRZNpESitnmaENHGFFuuTvgGwtMe7mzXWuA/LkXdbiHmdyAzOo0iByKTCD8uetuwh3CXy4Pw==}
    engines: {node: '>=16.0.0'}
    peerDependencies:
      '@aws-sdk/client-sts': ^3.623.0
    dependencies:
      '@aws-sdk/client-sts': 3.623.0
      '@aws-sdk/credential-provider-env': 3.620.1
      '@aws-sdk/credential-provider-http': 3.622.0
      '@aws-sdk/credential-provider-process': 3.620.1
      '@aws-sdk/credential-provider-sso': 3.623.0(@aws-sdk/client-sso-oidc@3.623.0)
      '@aws-sdk/credential-provider-web-identity': 3.621.0(@aws-sdk/client-sts@3.623.0)
      '@aws-sdk/types': 3.609.0
      '@smithy/credential-provider-imds': 3.2.0
      '@smithy/property-provider': 3.1.3
      '@smithy/shared-ini-file-loader': 3.1.4
      '@smithy/types': 3.3.0
      tslib: 2.6.2
    transitivePeerDependencies:
      - '@aws-sdk/client-sso-oidc'
      - aws-crt
    dev: false

  /@aws-sdk/credential-provider-node@3.623.0(@aws-sdk/client-sso-oidc@3.623.0)(@aws-sdk/client-sts@3.623.0):
    resolution: {integrity: sha512-qDwCOkhbu5PfaQHyuQ+h57HEx3+eFhKdtIw7aISziWkGdFrMe07yIBd7TJqGe4nxXnRF1pfkg05xeOlMId997g==}
    engines: {node: '>=16.0.0'}
    dependencies:
      '@aws-sdk/credential-provider-env': 3.620.1
      '@aws-sdk/credential-provider-http': 3.622.0
      '@aws-sdk/credential-provider-ini': 3.623.0(@aws-sdk/client-sso-oidc@3.623.0)(@aws-sdk/client-sts@3.623.0)
      '@aws-sdk/credential-provider-process': 3.620.1
      '@aws-sdk/credential-provider-sso': 3.623.0(@aws-sdk/client-sso-oidc@3.623.0)
      '@aws-sdk/credential-provider-web-identity': 3.621.0(@aws-sdk/client-sts@3.623.0)
      '@aws-sdk/types': 3.609.0
      '@smithy/credential-provider-imds': 3.2.0
      '@smithy/property-provider': 3.1.3
      '@smithy/shared-ini-file-loader': 3.1.4
      '@smithy/types': 3.3.0
      tslib: 2.6.2
    transitivePeerDependencies:
      - '@aws-sdk/client-sso-oidc'
      - '@aws-sdk/client-sts'
      - aws-crt
    dev: false

  /@aws-sdk/credential-provider-process@3.620.1:
    resolution: {integrity: sha512-hWqFMidqLAkaV9G460+1at6qa9vySbjQKKc04p59OT7lZ5cO5VH5S4aI05e+m4j364MBROjjk2ugNvfNf/8ILg==}
    engines: {node: '>=16.0.0'}
    dependencies:
      '@aws-sdk/types': 3.609.0
      '@smithy/property-provider': 3.1.3
      '@smithy/shared-ini-file-loader': 3.1.4
      '@smithy/types': 3.3.0
      tslib: 2.6.2
    dev: false

  /@aws-sdk/credential-provider-sso@3.623.0(@aws-sdk/client-sso-oidc@3.623.0):
    resolution: {integrity: sha512-70LZhUb3l7cttEsg4A0S4Jq3qrCT/v5Jfyl8F7w1YZJt5zr3oPPcvDJxo/UYckFz4G4/5BhGa99jK8wMlNE9QA==}
    engines: {node: '>=16.0.0'}
    dependencies:
      '@aws-sdk/client-sso': 3.623.0
      '@aws-sdk/token-providers': 3.614.0(@aws-sdk/client-sso-oidc@3.623.0)
      '@aws-sdk/types': 3.609.0
      '@smithy/property-provider': 3.1.3
      '@smithy/shared-ini-file-loader': 3.1.4
      '@smithy/types': 3.3.0
      tslib: 2.6.2
    transitivePeerDependencies:
      - '@aws-sdk/client-sso-oidc'
      - aws-crt
    dev: false

  /@aws-sdk/credential-provider-web-identity@3.621.0(@aws-sdk/client-sts@3.623.0):
    resolution: {integrity: sha512-w7ASSyfNvcx7+bYGep3VBgC3K6vEdLmlpjT7nSIHxxQf+WSdvy+HynwJosrpZax0sK5q0D1Jpn/5q+r5lwwW6w==}
    engines: {node: '>=16.0.0'}
    peerDependencies:
      '@aws-sdk/client-sts': ^3.621.0
    dependencies:
      '@aws-sdk/client-sts': 3.623.0
      '@aws-sdk/types': 3.609.0
      '@smithy/property-provider': 3.1.3
      '@smithy/types': 3.3.0
      tslib: 2.6.2
    dev: false

  /@aws-sdk/middleware-host-header@3.620.0:
    resolution: {integrity: sha512-VMtPEZwqYrII/oUkffYsNWY9PZ9xpNJpMgmyU0rlDQ25O1c0Hk3fJmZRe6pEkAJ0omD7kLrqGl1DUjQVxpd/Rg==}
    engines: {node: '>=16.0.0'}
    dependencies:
      '@aws-sdk/types': 3.609.0
      '@smithy/protocol-http': 4.1.0
      '@smithy/types': 3.3.0
      tslib: 2.6.2
    dev: false

  /@aws-sdk/middleware-logger@3.609.0:
    resolution: {integrity: sha512-S62U2dy4jMDhDFDK5gZ4VxFdWzCtLzwbYyFZx2uvPYTECkepLUfzLic2BHg2Qvtu4QjX+oGE3P/7fwaGIsGNuQ==}
    engines: {node: '>=16.0.0'}
    dependencies:
      '@aws-sdk/types': 3.609.0
      '@smithy/types': 3.3.0
      tslib: 2.6.2
    dev: false

  /@aws-sdk/middleware-recursion-detection@3.620.0:
    resolution: {integrity: sha512-nh91S7aGK3e/o1ck64sA/CyoFw+gAYj2BDOnoNa6ouyCrVJED96ZXWbhye/fz9SgmNUZR2g7GdVpiLpMKZoI5w==}
    engines: {node: '>=16.0.0'}
    dependencies:
      '@aws-sdk/types': 3.609.0
      '@smithy/protocol-http': 4.1.0
      '@smithy/types': 3.3.0
      tslib: 2.6.2
    dev: false

  /@aws-sdk/middleware-user-agent@3.620.0:
    resolution: {integrity: sha512-bvS6etn+KsuL32ubY5D3xNof1qkenpbJXf/ugGXbg0n98DvDFQ/F+SMLxHgbnER5dsKYchNnhmtI6/FC3HFu/A==}
    engines: {node: '>=16.0.0'}
    dependencies:
      '@aws-sdk/types': 3.609.0
      '@aws-sdk/util-endpoints': 3.614.0
      '@smithy/protocol-http': 4.1.0
      '@smithy/types': 3.3.0
      tslib: 2.6.2
    dev: false

  /@aws-sdk/region-config-resolver@3.614.0:
    resolution: {integrity: sha512-vDCeMXvic/LU0KFIUjpC3RiSTIkkvESsEfbVHiHH0YINfl8HnEqR5rj+L8+phsCeVg2+LmYwYxd5NRz4PHxt5g==}
    engines: {node: '>=16.0.0'}
    dependencies:
      '@aws-sdk/types': 3.609.0
      '@smithy/node-config-provider': 3.1.4
      '@smithy/types': 3.3.0
      '@smithy/util-config-provider': 3.0.0
      '@smithy/util-middleware': 3.0.3
      tslib: 2.6.2
    dev: false

  /@aws-sdk/token-providers@3.614.0(@aws-sdk/client-sso-oidc@3.623.0):
    resolution: {integrity: sha512-okItqyY6L9IHdxqs+Z116y5/nda7rHxLvROxtAJdLavWTYDydxrZstImNgGWTeVdmc0xX2gJCI77UYUTQWnhRw==}
    engines: {node: '>=16.0.0'}
    peerDependencies:
      '@aws-sdk/client-sso-oidc': ^3.614.0
    dependencies:
      '@aws-sdk/client-sso-oidc': 3.623.0(@aws-sdk/client-sts@3.623.0)
      '@aws-sdk/types': 3.609.0
      '@smithy/property-provider': 3.1.3
      '@smithy/shared-ini-file-loader': 3.1.4
      '@smithy/types': 3.3.0
      tslib: 2.6.2
    dev: false

  /@aws-sdk/types@3.609.0:
    resolution: {integrity: sha512-+Tqnh9w0h2LcrUsdXyT1F8mNhXz+tVYBtP19LpeEGntmvHwa2XzvLUCWpoIAIVsHp5+HdB2X9Sn0KAtmbFXc2Q==}
    engines: {node: '>=16.0.0'}
    dependencies:
      '@smithy/types': 3.3.0
      tslib: 2.6.2
    dev: false

  /@aws-sdk/util-endpoints@3.614.0:
    resolution: {integrity: sha512-wK2cdrXHH4oz4IomV/yrGkftU9A+ITB6nFL+rxxyO78is2ifHJpFdV4aqk4LSkXYPi6CXWNru/Dqc7yiKXgJPw==}
    engines: {node: '>=16.0.0'}
    dependencies:
      '@aws-sdk/types': 3.609.0
      '@smithy/types': 3.3.0
      '@smithy/util-endpoints': 2.0.5
      tslib: 2.6.2
    dev: false

  /@aws-sdk/util-locate-window@3.495.0:
    resolution: {integrity: sha512-MfaPXT0kLX2tQaR90saBT9fWQq2DHqSSJRzW+MZWsmF+y5LGCOhO22ac/2o6TKSQm7h0HRc2GaADqYYYor62yg==}
    engines: {node: '>=14.0.0'}
    dependencies:
      tslib: 2.6.2
    dev: false

  /@aws-sdk/util-user-agent-browser@3.609.0:
    resolution: {integrity: sha512-fojPU+mNahzQ0YHYBsx0ZIhmMA96H+ZIZ665ObU9tl+SGdbLneVZVikGve+NmHTQwHzwkFsZYYnVKAkreJLAtA==}
    dependencies:
      '@aws-sdk/types': 3.609.0
      '@smithy/types': 3.3.0
      bowser: 2.11.0
      tslib: 2.6.2
    dev: false

  /@aws-sdk/util-user-agent-node@3.614.0:
    resolution: {integrity: sha512-15ElZT88peoHnq5TEoEtZwoXTXRxNrk60TZNdpl/TUBJ5oNJ9Dqb5Z4ryb8ofN6nm9aFf59GVAerFDz8iUoHBA==}
    engines: {node: '>=16.0.0'}
    peerDependencies:
      aws-crt: '>=1.0.0'
    peerDependenciesMeta:
      aws-crt:
        optional: true
    dependencies:
      '@aws-sdk/types': 3.609.0
      '@smithy/node-config-provider': 3.1.4
      '@smithy/types': 3.3.0
      tslib: 2.6.2
    dev: false

  /@smithy/abort-controller@3.1.1:
    resolution: {integrity: sha512-MBJBiidoe+0cTFhyxT8g+9g7CeVccLM0IOKKUMCNQ1CNMJ/eIfoo0RTfVrXOONEI1UCN1W+zkiHSbzUNE9dZtQ==}
    engines: {node: '>=16.0.0'}
    dependencies:
      '@smithy/types': 3.3.0
      tslib: 2.6.2
    dev: false

  /@smithy/config-resolver@3.0.5:
    resolution: {integrity: sha512-SkW5LxfkSI1bUC74OtfBbdz+grQXYiPYolyu8VfpLIjEoN/sHVBlLeGXMQ1vX4ejkgfv6sxVbQJ32yF2cl1veA==}
    engines: {node: '>=16.0.0'}
    dependencies:
      '@smithy/node-config-provider': 3.1.4
      '@smithy/types': 3.3.0
      '@smithy/util-config-provider': 3.0.0
      '@smithy/util-middleware': 3.0.3
      tslib: 2.6.2
    dev: false

  /@smithy/core@2.3.2:
    resolution: {integrity: sha512-in5wwt6chDBcUv1Lw1+QzZxN9fBffi+qOixfb65yK4sDuKG7zAUO9HAFqmVzsZM3N+3tTyvZjtnDXePpvp007Q==}
    engines: {node: '>=16.0.0'}
    dependencies:
      '@smithy/middleware-endpoint': 3.1.0
      '@smithy/middleware-retry': 3.0.14
      '@smithy/middleware-serde': 3.0.3
      '@smithy/protocol-http': 4.1.0
      '@smithy/smithy-client': 3.1.12
      '@smithy/types': 3.3.0
      '@smithy/util-middleware': 3.0.3
      tslib: 2.6.2
    dev: false

  /@smithy/credential-provider-imds@3.2.0:
    resolution: {integrity: sha512-0SCIzgd8LYZ9EJxUjLXBmEKSZR/P/w6l7Rz/pab9culE/RWuqelAKGJvn5qUOl8BgX8Yj5HWM50A5hiB/RzsgA==}
    engines: {node: '>=16.0.0'}
    dependencies:
      '@smithy/node-config-provider': 3.1.4
      '@smithy/property-provider': 3.1.3
      '@smithy/types': 3.3.0
      '@smithy/url-parser': 3.0.3
      tslib: 2.6.2
    dev: false

  /@smithy/fetch-http-handler@3.2.4:
    resolution: {integrity: sha512-kBprh5Gs5h7ug4nBWZi1FZthdqSM+T7zMmsZxx0IBvWUn7dK3diz2SHn7Bs4dQGFDk8plDv375gzenDoNwrXjg==}
    dependencies:
      '@smithy/protocol-http': 4.1.0
      '@smithy/querystring-builder': 3.0.3
      '@smithy/types': 3.3.0
      '@smithy/util-base64': 3.0.0
      tslib: 2.6.2
    dev: false

  /@smithy/hash-node@3.0.3:
    resolution: {integrity: sha512-2ctBXpPMG+B3BtWSGNnKELJ7SH9e4TNefJS0cd2eSkOOROeBnnVBnAy9LtJ8tY4vUEoe55N4CNPxzbWvR39iBw==}
    engines: {node: '>=16.0.0'}
    dependencies:
      '@smithy/types': 3.3.0
      '@smithy/util-buffer-from': 3.0.0
      '@smithy/util-utf8': 3.0.0
      tslib: 2.6.2
    dev: false

  /@smithy/invalid-dependency@3.0.3:
    resolution: {integrity: sha512-ID1eL/zpDULmHJbflb864k72/SNOZCADRc9i7Exq3RUNJw6raWUSlFEQ+3PX3EYs++bTxZB2dE9mEHTQLv61tw==}
    dependencies:
      '@smithy/types': 3.3.0
      tslib: 2.6.2
    dev: false

  /@smithy/is-array-buffer@2.2.0:
    resolution: {integrity: sha512-GGP3O9QFD24uGeAXYUjwSTXARoqpZykHadOmA8G5vfJPK0/DC67qa//0qvqrJzL1xc8WQWX7/yc7fwudjPHPhA==}
    engines: {node: '>=14.0.0'}
    dependencies:
      tslib: 2.6.2
    dev: false

  /@smithy/is-array-buffer@3.0.0:
    resolution: {integrity: sha512-+Fsu6Q6C4RSJiy81Y8eApjEB5gVtM+oFKTffg+jSuwtvomJJrhUJBu2zS8wjXSgH/g1MKEWrzyChTBe6clb5FQ==}
    engines: {node: '>=16.0.0'}
    dependencies:
      tslib: 2.6.2
    dev: false

  /@smithy/middleware-content-length@3.0.5:
    resolution: {integrity: sha512-ILEzC2eyxx6ncej3zZSwMpB5RJ0zuqH7eMptxC4KN3f+v9bqT8ohssKbhNR78k/2tWW+KS5Spw+tbPF4Ejyqvw==}
    engines: {node: '>=16.0.0'}
    dependencies:
      '@smithy/protocol-http': 4.1.0
      '@smithy/types': 3.3.0
      tslib: 2.6.2
    dev: false

  /@smithy/middleware-endpoint@3.1.0:
    resolution: {integrity: sha512-5y5aiKCEwg9TDPB4yFE7H6tYvGFf1OJHNczeY10/EFF8Ir8jZbNntQJxMWNfeQjC1mxPsaQ6mR9cvQbf+0YeMw==}
    engines: {node: '>=16.0.0'}
    dependencies:
      '@smithy/middleware-serde': 3.0.3
      '@smithy/node-config-provider': 3.1.4
      '@smithy/shared-ini-file-loader': 3.1.4
      '@smithy/types': 3.3.0
      '@smithy/url-parser': 3.0.3
      '@smithy/util-middleware': 3.0.3
      tslib: 2.6.2
    dev: false

  /@smithy/middleware-retry@3.0.14:
    resolution: {integrity: sha512-7ZaWZJOjUxa5hgmuMspyt8v/zVsh0GXYuF7OvCmdcbVa/xbnKQoYC+uYKunAqRGTkxjOyuOCw9rmFUFOqqC0eQ==}
    engines: {node: '>=16.0.0'}
    dependencies:
      '@smithy/node-config-provider': 3.1.4
      '@smithy/protocol-http': 4.1.0
      '@smithy/service-error-classification': 3.0.3
      '@smithy/smithy-client': 3.1.12
      '@smithy/types': 3.3.0
      '@smithy/util-middleware': 3.0.3
      '@smithy/util-retry': 3.0.3
      tslib: 2.6.2
      uuid: 9.0.1
    dev: false

  /@smithy/middleware-serde@3.0.3:
    resolution: {integrity: sha512-puUbyJQBcg9eSErFXjKNiGILJGtiqmuuNKEYNYfUD57fUl4i9+mfmThtQhvFXU0hCVG0iEJhvQUipUf+/SsFdA==}
    engines: {node: '>=16.0.0'}
    dependencies:
      '@smithy/types': 3.3.0
      tslib: 2.6.2
    dev: false

  /@smithy/middleware-stack@3.0.3:
    resolution: {integrity: sha512-r4klY9nFudB0r9UdSMaGSyjyQK5adUyPnQN/ZM6M75phTxOdnc/AhpvGD1fQUvgmqjQEBGCwpnPbDm8pH5PapA==}
    engines: {node: '>=16.0.0'}
    dependencies:
      '@smithy/types': 3.3.0
      tslib: 2.6.2
    dev: false

  /@smithy/node-config-provider@3.1.4:
    resolution: {integrity: sha512-YvnElQy8HR4vDcAjoy7Xkx9YT8xZP4cBXcbJSgm/kxmiQu08DwUwj8rkGnyoJTpfl/3xYHH+d8zE+eHqoDCSdQ==}
    engines: {node: '>=16.0.0'}
    dependencies:
      '@smithy/property-provider': 3.1.3
      '@smithy/shared-ini-file-loader': 3.1.4
      '@smithy/types': 3.3.0
      tslib: 2.6.2
    dev: false

  /@smithy/node-http-handler@3.1.4:
    resolution: {integrity: sha512-+UmxgixgOr/yLsUxcEKGH0fMNVteJFGkmRltYFHnBMlogyFdpzn2CwqWmxOrfJELhV34v0WSlaqG1UtE1uXlJg==}
    engines: {node: '>=16.0.0'}
    dependencies:
      '@smithy/abort-controller': 3.1.1
      '@smithy/protocol-http': 4.1.0
      '@smithy/querystring-builder': 3.0.3
      '@smithy/types': 3.3.0
      tslib: 2.6.2
    dev: false

  /@smithy/property-provider@3.1.3:
    resolution: {integrity: sha512-zahyOVR9Q4PEoguJ/NrFP4O7SMAfYO1HLhB18M+q+Z4KFd4V2obiMnlVoUFzFLSPeVt1POyNWneHHrZaTMoc/g==}
    engines: {node: '>=16.0.0'}
    dependencies:
      '@smithy/types': 3.3.0
      tslib: 2.6.2
    dev: false

  /@smithy/protocol-http@4.1.0:
    resolution: {integrity: sha512-dPVoHYQ2wcHooGXg3LQisa1hH0e4y0pAddPMeeUPipI1tEOqL6A4N0/G7abeq+K8wrwSgjk4C0wnD1XZpJm5aA==}
    engines: {node: '>=16.0.0'}
    dependencies:
      '@smithy/types': 3.3.0
      tslib: 2.6.2
    dev: false

  /@smithy/querystring-builder@3.0.3:
    resolution: {integrity: sha512-vyWckeUeesFKzCDaRwWLUA1Xym9McaA6XpFfAK5qI9DKJ4M33ooQGqvM4J+LalH4u/Dq9nFiC8U6Qn1qi0+9zw==}
    engines: {node: '>=16.0.0'}
    dependencies:
      '@smithy/types': 3.3.0
      '@smithy/util-uri-escape': 3.0.0
      tslib: 2.6.2
    dev: false

  /@smithy/querystring-parser@3.0.3:
    resolution: {integrity: sha512-zahM1lQv2YjmznnfQsWbYojFe55l0SLG/988brlLv1i8z3dubloLF+75ATRsqPBboUXsW6I9CPGE5rQgLfY0vQ==}
    engines: {node: '>=16.0.0'}
    dependencies:
      '@smithy/types': 3.3.0
      tslib: 2.6.2
    dev: false

  /@smithy/service-error-classification@3.0.3:
    resolution: {integrity: sha512-Jn39sSl8cim/VlkLsUhRFq/dKDnRUFlfRkvhOJaUbLBXUsLRLNf9WaxDv/z9BjuQ3A6k/qE8af1lsqcwm7+DaQ==}
    engines: {node: '>=16.0.0'}
    dependencies:
      '@smithy/types': 3.3.0
    dev: false

  /@smithy/shared-ini-file-loader@3.1.4:
    resolution: {integrity: sha512-qMxS4hBGB8FY2GQqshcRUy1K6k8aBWP5vwm8qKkCT3A9K2dawUwOIJfqh9Yste/Bl0J2lzosVyrXDj68kLcHXQ==}
    engines: {node: '>=16.0.0'}
    dependencies:
      '@smithy/types': 3.3.0
      tslib: 2.6.2
    dev: false

  /@smithy/signature-v4@4.1.0:
    resolution: {integrity: sha512-aRryp2XNZeRcOtuJoxjydO6QTaVhxx/vjaR+gx7ZjaFgrgPRyZ3HCTbfwqYj6ZWEBHkCSUfcaymKPURaByukag==}
    engines: {node: '>=16.0.0'}
    dependencies:
      '@smithy/is-array-buffer': 3.0.0
      '@smithy/protocol-http': 4.1.0
      '@smithy/types': 3.3.0
      '@smithy/util-hex-encoding': 3.0.0
      '@smithy/util-middleware': 3.0.3
      '@smithy/util-uri-escape': 3.0.0
      '@smithy/util-utf8': 3.0.0
      tslib: 2.6.2
    dev: false

  /@smithy/smithy-client@3.1.12:
    resolution: {integrity: sha512-wtm8JtsycthkHy1YA4zjIh2thJgIQ9vGkoR639DBx5lLlLNU0v4GARpQZkr2WjXue74nZ7MiTSWfVrLkyD8RkA==}
    engines: {node: '>=16.0.0'}
    dependencies:
      '@smithy/middleware-endpoint': 3.1.0
      '@smithy/middleware-stack': 3.0.3
      '@smithy/protocol-http': 4.1.0
      '@smithy/types': 3.3.0
      '@smithy/util-stream': 3.1.3
      tslib: 2.6.2
    dev: false

  /@smithy/types@3.3.0:
    resolution: {integrity: sha512-IxvBBCTFDHbVoK7zIxqA1ZOdc4QfM5HM7rGleCuHi7L1wnKv5Pn69xXJQ9hgxH60ZVygH9/JG0jRgtUncE3QUA==}
    engines: {node: '>=16.0.0'}
    dependencies:
      tslib: 2.6.2
    dev: false

  /@smithy/url-parser@3.0.3:
    resolution: {integrity: sha512-pw3VtZtX2rg+s6HMs6/+u9+hu6oY6U7IohGhVNnjbgKy86wcIsSZwgHrFR+t67Uyxvp4Xz3p3kGXXIpTNisq8A==}
    dependencies:
      '@smithy/querystring-parser': 3.0.3
      '@smithy/types': 3.3.0
      tslib: 2.6.2
    dev: false

  /@smithy/util-base64@3.0.0:
    resolution: {integrity: sha512-Kxvoh5Qtt0CDsfajiZOCpJxgtPHXOKwmM+Zy4waD43UoEMA+qPxxa98aE/7ZhdnBFZFXMOiBR5xbcaMhLtznQQ==}
    engines: {node: '>=16.0.0'}
    dependencies:
      '@smithy/util-buffer-from': 3.0.0
      '@smithy/util-utf8': 3.0.0
      tslib: 2.6.2
    dev: false

  /@smithy/util-body-length-browser@3.0.0:
    resolution: {integrity: sha512-cbjJs2A1mLYmqmyVl80uoLTJhAcfzMOyPgjwAYusWKMdLeNtzmMz9YxNl3/jRLoxSS3wkqkf0jwNdtXWtyEBaQ==}
    dependencies:
      tslib: 2.6.2
    dev: false

  /@smithy/util-body-length-node@3.0.0:
    resolution: {integrity: sha512-Tj7pZ4bUloNUP6PzwhN7K386tmSmEET9QtQg0TgdNOnxhZvCssHji+oZTUIuzxECRfG8rdm2PMw2WCFs6eIYkA==}
    engines: {node: '>=16.0.0'}
    dependencies:
      tslib: 2.6.2
    dev: false

  /@smithy/util-buffer-from@2.2.0:
    resolution: {integrity: sha512-IJdWBbTcMQ6DA0gdNhh/BwrLkDR+ADW5Kr1aZmd4k3DIF6ezMV4R2NIAmT08wQJ3yUK82thHWmC/TnK/wpMMIA==}
    engines: {node: '>=14.0.0'}
    dependencies:
      '@smithy/is-array-buffer': 2.2.0
      tslib: 2.6.2
    dev: false

  /@smithy/util-buffer-from@3.0.0:
    resolution: {integrity: sha512-aEOHCgq5RWFbP+UDPvPot26EJHjOC+bRgse5A8V3FSShqd5E5UN4qc7zkwsvJPPAVsf73QwYcHN1/gt/rtLwQA==}
    engines: {node: '>=16.0.0'}
    dependencies:
      '@smithy/is-array-buffer': 3.0.0
      tslib: 2.6.2
    dev: false

  /@smithy/util-config-provider@3.0.0:
    resolution: {integrity: sha512-pbjk4s0fwq3Di/ANL+rCvJMKM5bzAQdE5S/6RL5NXgMExFAi6UgQMPOm5yPaIWPpr+EOXKXRonJ3FoxKf4mCJQ==}
    engines: {node: '>=16.0.0'}
    dependencies:
      tslib: 2.6.2
    dev: false

  /@smithy/util-defaults-mode-browser@3.0.14:
    resolution: {integrity: sha512-0iwTgKKmAIf+vFLV8fji21Jb2px11ktKVxbX6LIDPAUJyWQqGqBVfwba7xwa1f2FZUoolYQgLvxQEpJycXuQ5w==}
    engines: {node: '>= 10.0.0'}
    dependencies:
      '@smithy/property-provider': 3.1.3
      '@smithy/smithy-client': 3.1.12
      '@smithy/types': 3.3.0
      bowser: 2.11.0
      tslib: 2.6.2
    dev: false

  /@smithy/util-defaults-mode-node@3.0.14:
    resolution: {integrity: sha512-e9uQarJKfXApkTMMruIdxHprhcXivH1flYCe8JRDTzkkLx8dA3V5J8GZlST9yfDiRWkJpZJlUXGN9Rc9Ade3OQ==}
    engines: {node: '>= 10.0.0'}
    dependencies:
      '@smithy/config-resolver': 3.0.5
      '@smithy/credential-provider-imds': 3.2.0
      '@smithy/node-config-provider': 3.1.4
      '@smithy/property-provider': 3.1.3
      '@smithy/smithy-client': 3.1.12
      '@smithy/types': 3.3.0
      tslib: 2.6.2
    dev: false

  /@smithy/util-endpoints@2.0.5:
    resolution: {integrity: sha512-ReQP0BWihIE68OAblC/WQmDD40Gx+QY1Ez8mTdFMXpmjfxSyz2fVQu3A4zXRfQU9sZXtewk3GmhfOHswvX+eNg==}
    engines: {node: '>=16.0.0'}
    dependencies:
      '@smithy/node-config-provider': 3.1.4
      '@smithy/types': 3.3.0
      tslib: 2.6.2
    dev: false

  /@smithy/util-hex-encoding@3.0.0:
    resolution: {integrity: sha512-eFndh1WEK5YMUYvy3lPlVmYY/fZcQE1D8oSf41Id2vCeIkKJXPcYDCZD+4+xViI6b1XSd7tE+s5AmXzz5ilabQ==}
    engines: {node: '>=16.0.0'}
    dependencies:
      tslib: 2.6.2
    dev: false

  /@smithy/util-middleware@3.0.3:
    resolution: {integrity: sha512-l+StyYYK/eO3DlVPbU+4Bi06Jjal+PFLSMmlWM1BEwyLxZ3aKkf1ROnoIakfaA7mC6uw3ny7JBkau4Yc+5zfWw==}
    engines: {node: '>=16.0.0'}
    dependencies:
      '@smithy/types': 3.3.0
      tslib: 2.6.2
    dev: false

  /@smithy/util-retry@3.0.3:
    resolution: {integrity: sha512-AFw+hjpbtVApzpNDhbjNG5NA3kyoMs7vx0gsgmlJF4s+yz1Zlepde7J58zpIRIsdjc+emhpAITxA88qLkPF26w==}
    engines: {node: '>=16.0.0'}
    dependencies:
      '@smithy/service-error-classification': 3.0.3
      '@smithy/types': 3.3.0
      tslib: 2.6.2
    dev: false

  /@smithy/util-stream@3.1.3:
    resolution: {integrity: sha512-FIv/bRhIlAxC0U7xM1BCnF2aDRPq0UaelqBHkM2lsCp26mcBbgI0tCVTv+jGdsQLUmAMybua/bjDsSu8RQHbmw==}
    engines: {node: '>=16.0.0'}
    dependencies:
      '@smithy/fetch-http-handler': 3.2.4
      '@smithy/node-http-handler': 3.1.4
      '@smithy/types': 3.3.0
      '@smithy/util-base64': 3.0.0
      '@smithy/util-buffer-from': 3.0.0
      '@smithy/util-hex-encoding': 3.0.0
      '@smithy/util-utf8': 3.0.0
      tslib: 2.6.2
    dev: false

  /@smithy/util-uri-escape@3.0.0:
    resolution: {integrity: sha512-LqR7qYLgZTD7nWLBecUi4aqolw8Mhza9ArpNEQ881MJJIU2sE5iHCK6TdyqqzcDLy0OPe10IY4T8ctVdtynubg==}
    engines: {node: '>=16.0.0'}
    dependencies:
      tslib: 2.6.2
    dev: false

  /@smithy/util-utf8@2.3.0:
    resolution: {integrity: sha512-R8Rdn8Hy72KKcebgLiv8jQcQkXoLMOGGv5uI1/k0l+snqkOzQ1R0ChUBCxWMlBsFMekWjq0wRudIweFs7sKT5A==}
    engines: {node: '>=14.0.0'}
    dependencies:
      '@smithy/util-buffer-from': 2.2.0
      tslib: 2.6.2
    dev: false

  /@smithy/util-utf8@3.0.0:
    resolution: {integrity: sha512-rUeT12bxFnplYDe815GXbq/oixEGHfRFFtcTF3YdDi/JaENIM6aSYYLJydG83UNzLXeRI5K8abYd/8Sp/QM0kA==}
    engines: {node: '>=16.0.0'}
    dependencies:
      '@smithy/util-buffer-from': 3.0.0
      tslib: 2.6.2
    dev: false

  /@types/aws-lambda@8.10.134:
    resolution: {integrity: sha512-cfv422ivDMO+EeA3N4YcshbTHBL+5lLXe+Uz+4HXvIcsCuWvqNFpOs28ZprL8NA3qRCzt95ETiNAJDn4IcC/PA==}
    dev: true

  /@types/bluebird@3.5.42:
    resolution: {integrity: sha512-Jhy+MWRlro6UjVi578V/4ZGNfeCOcNCp0YaFNIUGFKlImowqwb1O/22wDVk3FDGMLqxdpOV3qQHD5fPEH4hK6A==}
    dev: true

  /@types/node@20.11.19:
    resolution: {integrity: sha512-7xMnVEcZFu0DikYjWOlRq7NTPETrm7teqUT2WkQjrTIkEgUyyGdWsj/Zg8bEJt5TNklzbPD1X3fqfsHw3SpapQ==}
    dependencies:
      undici-types: 5.26.5
    dev: true

  /@types/papaparse@5.3.14:
    resolution: {integrity: sha512-LxJ4iEFcpqc6METwp9f6BV6VVc43m6MfH0VqFosHvrUgfXiFe6ww7R3itkOQ+TCK6Y+Iv/+RnnvtRZnkc5Kc9g==}
    dependencies:
      '@types/node': 20.11.19
    dev: true

  /@types/pg@8.11.0:
    resolution: {integrity: sha512-sDAlRiBNthGjNFfvt0k6mtotoVYVQ63pA8R4EMWka7crawSR60waVYR0HAgmPRs/e2YaeJTD/43OoZ3PFw80pw==}
    dependencies:
      '@types/node': 20.11.19
      pg-protocol: 1.6.0
      pg-types: 4.0.2
    dev: true

  /bluebird@3.7.2:
    resolution: {integrity: sha512-XpNj6GDQzdfW+r2Wnn7xiSAd7TM3jzkxGXBGTtWKuSXv1xUV+azxAm8jdWZN06QTQk+2N2XB9jRDkvbmQmcRtg==}
    dev: false

  /bowser@2.11.0:
    resolution: {integrity: sha512-AlcaJBi/pqqJBIQ8U9Mcpc9i8Aqxn88Skv5d+xBX006BY5u8N3mGLHa5Lgppa7L/HfwgwLgZ6NYs+Ag6uUmJRA==}
    dev: false

  /buffer-writer@2.0.0:
    resolution: {integrity: sha512-a7ZpuTZU1TRtnwyCNW3I5dc0wWNC3VR9S++Ewyk2HHZdrO3CQJqSpd+95Us590V6AL7JqUAH2IwZ/398PmNFgw==}
    engines: {node: '>=4'}
    dev: false

  /fast-xml-parser@4.4.1:
    resolution: {integrity: sha512-xkjOecfnKGkSsOwtZ5Pz7Us/T6mrbPQrq0nh+aCO5V9nk5NLWmasAHumTKjiPJPWANe+kAZ84Jc8ooJkzZ88Sw==}
    hasBin: true
    dependencies:
      strnum: 1.0.5
    dev: false

  /kysely@0.27.3:
    resolution: {integrity: sha512-lG03Ru+XyOJFsjH3OMY6R/9U38IjDPfnOfDgO3ynhbDr+Dz8fak+X6L62vqu3iybQnj+lG84OttBuU9KY3L9kA==}
    engines: {node: '>=14.0.0'}
    dev: false

  /obuf@1.1.2:
    resolution: {integrity: sha512-PX1wu0AmAdPqOL1mWhqmlOd8kOIZQwGZw6rh7uby9fTc5lhaOWFLX3I6R1hrF9k3zUY40e6igsLGkDXK92LJNg==}
    dev: true

  /ospoint@0.2.1:
    resolution: {integrity: sha512-P3unHc+SfN5JLyjrR+NLdMvhK2YWoupSJj3yo0OyRlZ8S1wn3Jt6Alv+UmB+h6y0Y3MGYvn9pRlLEapayPO5KQ==}
    dev: false

  /packet-reader@1.0.0:
    resolution: {integrity: sha512-HAKu/fG3HpHFO0AA8WE8q2g+gBJaZ9MG7fcKk+IJPLTGAD6Psw4443l+9DGRbOIh3/aXr7Phy0TjilYivJo5XQ==}
    dev: false

  /papaparse@5.4.1:
    resolution: {integrity: sha512-HipMsgJkZu8br23pW15uvo6sib6wne/4woLZPlFf3rpDyMe9ywEXUsuD7+6K9PRkJlVT51j/sCOYDKGGS3ZJrw==}
    dev: false

  /pg-cloudflare@1.1.1:
    resolution: {integrity: sha512-xWPagP/4B6BgFO+EKz3JONXv3YDgvkbVrGw2mTo3D6tVDQRh1e7cqVGvyR3BE+eQgAvx1XhW/iEASj4/jCWl3Q==}
    requiresBuild: true
    dev: false
    optional: true

  /pg-connection-string@2.6.2:
    resolution: {integrity: sha512-ch6OwaeaPYcova4kKZ15sbJ2hKb/VP48ZD2gE7i1J+L4MspCtBMAx8nMgz7bksc7IojCIIWuEhHibSMFH8m8oA==}
    dev: false

  /pg-int8@1.0.1:
    resolution: {integrity: sha512-WCtabS6t3c8SkpDBUlb1kjOs7l66xsGdKpIPZsg4wR+B3+u9UAum2odSsF9tnvxg80h4ZxLWMy4pRjOsFIqQpw==}
    engines: {node: '>=4.0.0'}

  /pg-numeric@1.0.2:
    resolution: {integrity: sha512-BM/Thnrw5jm2kKLE5uJkXqqExRUY/toLHda65XgFTBTFYZyopbKjBe29Ii3RbkvlsMoFwD+tHeGaCjjv0gHlyw==}
    engines: {node: '>=4'}
    dev: true

  /pg-pool@3.6.1(pg@8.11.3):
    resolution: {integrity: sha512-jizsIzhkIitxCGfPRzJn1ZdcosIt3pz9Sh3V01fm1vZnbnCMgmGl5wvGGdNN2EL9Rmb0EcFoCkixH4Pu+sP9Og==}
    peerDependencies:
      pg: '>=8.0'
    dependencies:
      pg: 8.11.3
    dev: false

  /pg-protocol@1.6.0:
    resolution: {integrity: sha512-M+PDm637OY5WM307051+bsDia5Xej6d9IR4GwJse1qA1DIhiKlksvrneZOYQq42OM+spubpcNYEo2FcKQrDk+Q==}

  /pg-types@2.2.0:
    resolution: {integrity: sha512-qTAAlrEsl8s4OiEQY69wDvcMIdQN6wdz5ojQiOy6YRMuynxenON0O5oCpJI6lshc6scgAY8qvJ2On/p+CXY0GA==}
    engines: {node: '>=4'}
    dependencies:
      pg-int8: 1.0.1
      postgres-array: 2.0.0
      postgres-bytea: 1.0.0
      postgres-date: 1.0.7
      postgres-interval: 1.2.0
    dev: false

  /pg-types@4.0.2:
    resolution: {integrity: sha512-cRL3JpS3lKMGsKaWndugWQoLOCoP+Cic8oseVcbr0qhPzYD5DWXK+RZ9LY9wxRf7RQia4SCwQlXk0q6FCPrVng==}
    engines: {node: '>=10'}
    dependencies:
      pg-int8: 1.0.1
      pg-numeric: 1.0.2
      postgres-array: 3.0.2
      postgres-bytea: 3.0.0
      postgres-date: 2.1.0
      postgres-interval: 3.0.0
      postgres-range: 1.1.4
    dev: true

  /pg@8.11.3:
    resolution: {integrity: sha512-+9iuvG8QfaaUrrph+kpF24cXkH1YOOUeArRNYIxq1viYHZagBxrTno7cecY1Fa44tJeZvaoG+Djpkc3JwehN5g==}
    engines: {node: '>= 8.0.0'}
    peerDependencies:
      pg-native: '>=3.0.1'
    peerDependenciesMeta:
      pg-native:
        optional: true
    dependencies:
      buffer-writer: 2.0.0
      packet-reader: 1.0.0
      pg-connection-string: 2.6.2
      pg-pool: 3.6.1(pg@8.11.3)
      pg-protocol: 1.6.0
      pg-types: 2.2.0
      pgpass: 1.0.5
    optionalDependencies:
      pg-cloudflare: 1.1.1
    dev: false

  /pgpass@1.0.5:
    resolution: {integrity: sha512-FdW9r/jQZhSeohs1Z3sI1yxFQNFvMcnmfuj4WBMUTxOrAyLMaTcE1aAMBiTlbMNaXvBCQuVi0R7hd8udDSP7ug==}
    dependencies:
      split2: 4.2.0
    dev: false

  /postgres-array@2.0.0:
    resolution: {integrity: sha512-VpZrUqU5A69eQyW2c5CA1jtLecCsN2U/bD6VilrFDWq5+5UIEVO7nazS3TEcHf1zuPYO/sqGvUvW62g86RXZuA==}
    engines: {node: '>=4'}
    dev: false

  /postgres-array@3.0.2:
    resolution: {integrity: sha512-6faShkdFugNQCLwucjPcY5ARoW1SlbnrZjmGl0IrrqewpvxvhSLHimCVzqeuULCbG0fQv7Dtk1yDbG3xv7Veog==}
    engines: {node: '>=12'}
    dev: true

  /postgres-bytea@1.0.0:
    resolution: {integrity: sha512-xy3pmLuQqRBZBXDULy7KbaitYqLcmxigw14Q5sj8QBVLqEwXfeybIKVWiqAXTlcvdvb0+xkOtDbfQMOf4lST1w==}
    engines: {node: '>=0.10.0'}
    dev: false

  /postgres-bytea@3.0.0:
    resolution: {integrity: sha512-CNd4jim9RFPkObHSjVHlVrxoVQXz7quwNFpz7RY1okNNme49+sVyiTvTRobiLV548Hx/hb1BG+iE7h9493WzFw==}
    engines: {node: '>= 6'}
    dependencies:
      obuf: 1.1.2
    dev: true

  /postgres-date@1.0.7:
    resolution: {integrity: sha512-suDmjLVQg78nMK2UZ454hAG+OAW+HQPZ6n++TNDUX+L0+uUlLywnoxJKDou51Zm+zTCjrCl0Nq6J9C5hP9vK/Q==}
    engines: {node: '>=0.10.0'}
    dev: false

  /postgres-date@2.1.0:
    resolution: {integrity: sha512-K7Juri8gtgXVcDfZttFKVmhglp7epKb1K4pgrkLxehjqkrgPhfG6OO8LHLkfaqkbpjNRnra018XwAr1yQFWGcA==}
    engines: {node: '>=12'}
    dev: true

  /postgres-interval@1.2.0:
    resolution: {integrity: sha512-9ZhXKM/rw350N1ovuWHbGxnGh/SNJ4cnxHiM0rxE4VN41wsg8P8zWn9hv/buK00RP4WvlOyr/RBDiptyxVbkZQ==}
    engines: {node: '>=0.10.0'}
    dependencies:
      xtend: 4.0.2
    dev: false

  /postgres-interval@3.0.0:
    resolution: {integrity: sha512-BSNDnbyZCXSxgA+1f5UU2GmwhoI0aU5yMxRGO8CdFEcY2BQF9xm/7MqKnYoM1nJDk8nONNWDk9WeSmePFhQdlw==}
    engines: {node: '>=12'}
    dev: true

  /postgres-range@1.1.4:
    resolution: {integrity: sha512-i/hbxIE9803Alj/6ytL7UHQxRvZkI9O4Sy+J3HGc4F4oo/2eQAjTSNJ0bfxyse3bH0nuVesCk+3IRLaMtG3H6w==}
    dev: true

  /split2@4.2.0:
    resolution: {integrity: sha512-UcjcJOWknrNkF6PLX83qcHM6KHgVKNkV62Y8a5uYDVv9ydGQVwAHMKqHdJje1VTWpljG0WYpCDhrCdAOYH4TWg==}
    engines: {node: '>= 10.x'}
    dev: false

  /strnum@1.0.5:
    resolution: {integrity: sha512-J8bbNyKKXl5qYcR36TIO8W3mVGVHrmmxsd5PAItGkmyzwJvybiw2IVq5nqd0i4LSNSkB/sx9VHllbfFdr9k1JA==}
    dev: false

  /tslib@2.6.2:
    resolution: {integrity: sha512-AEYxH93jGFPn/a2iVAwW87VuUIkR1FVUKB77NwMF7nBTDkDrrT/Hpt/IrCJ0QXhW27jTBDcf5ZY7w6RiqTMw2Q==}
    dev: false

  /undici-types@5.26.5:
    resolution: {integrity: sha512-JlCMO+ehdEIKqlFxk6IfVoAUVmgz7cU7zD/h9XZ0qzeosSHmUJVOzSQvvYSYWXkFXC+IfLKSIffhv0sVZup6pA==}
    dev: true

  /uuid@9.0.1:
    resolution: {integrity: sha512-b+1eJOlsR9K8HJpow9Ok3fiWOWSIcIzXodvv0rQjVoOVNpWMpxf1wZNpt4y9h10odCNrqnYp1OBzRktckBe3sA==}
    hasBin: true
    dev: false

  /xtend@4.0.2:
    resolution: {integrity: sha512-LKYU1iAXJXUgAXn9URjiu+MWhyUXHsvfp7mcuYm9dSUKK0/CjtrUwFAxD82/mCWbtLsGjFIad0wIsod4zrTAEQ==}
    engines: {node: '>=0.4'}
    dev: false
