lockfileVersion: '9.0'

settings:
  autoInstallPeers: true
  excludeLinksFromLockfile: false

importers:

  .:
    dependencies:
      '@bods-integrated-data/shared':
        specifier: workspace:^
        version: link:../../shared
      fast-xml-parser:
        specifier: ^5.7.0
        version: 5.7.0
      lodash:
        specifier: ^4.17.21
        version: 4.17.21
      zod:
        specifier: 3.23.8
        version: 3.23.8
    devDependencies:
      '@types/aws-lambda':
        specifier: ^8.10.110
        version: 8.10.134
      '@types/lodash':
        specifier: ^4.17.17
        version: 4.17.17
      '@types/node':
        specifier: ^20.11.19
        version: 20.11.19
      mockdate:
        specifier: ^3.0.5
        version: 3.0.5

packages:

  '@nodable/entities@2.1.0':
    resolution: {integrity: sha512-nyT7T3nbMyBI/lvr6L5TyWbFJAI9FTgVRakNoBqCD+PmID8DzFrrNdLLtHMwMszOtqZa8PAOV24ZqDnQrhQINA==}

  '@types/aws-lambda@8.10.134':
    resolution: {integrity: sha512-cfv422ivDMO+EeA3N4YcshbTHBL+5lLXe+Uz+4HXvIcsCuWvqNFpOs28ZprL8NA3qRCzt95ETiNAJDn4IcC/PA==}

  '@types/lodash@4.17.17':
    resolution: {integrity: sha512-RRVJ+J3J+WmyOTqnz3PiBLA501eKwXl2noseKOrNo/6+XEHjTAxO4xHvxQB6QuNm+s4WRbn6rSiap8+EA+ykFQ==}

  '@types/node@20.11.19':
    resolution: {integrity: sha512-7xMnVEcZFu0DikYjWOlRq7NTPETrm7teqUT2WkQjrTIkEgUyyGdWsj/Zg8bEJt5TNklzbPD1X3fqfsHw3SpapQ==}

  fast-xml-builder@1.1.5:
    resolution: {integrity: sha512-4TJn/8FKLeslLAH3dnohXqE3QSoxkhvaMzepOIZytwJXZO69Bfz0HBdDHzOTOon6G59Zrk6VQ2bEiv1t61rfkA==}

  fast-xml-parser@5.7.0:
    resolution: {integrity: sha512-MTcrUoRQ1GSQ9iG3QJzBGquYYYeA7piZaJoIWbPFGbRn6Jj6z7xgoAyi4DrZX4y2ZIQQBF59gc/zmvvejjgoFQ==}
    hasBin: true

  lodash@4.17.21:
    resolution: {integrity: sha512-v2kDEe57lecTulaDIuNTPy3Ry4gLGJ6Z1O3vE1krgXZNrsQ+LFTGHVxVjcXPs17LhbZVGedAJv8XZ1tvj5FvSg==}

  mockdate@3.0.5:
    resolution: {integrity: sha512-iniQP4rj1FhBdBYS/+eQv7j1tadJ9lJtdzgOpvsOHng/GbcDh2Fhdeq+ZRldrPYdXvCyfFUmFeEwEGXZB5I/AQ==}

  path-expression-matcher@1.5.0:
    resolution: {integrity: sha512-cbrerZV+6rvdQrrD+iGMcZFEiiSrbv9Tfdkvnusy6y0x0GKBXREFg/Y65GhIfm0tnLntThhzCnfKwp1WRjeCyQ==}
    engines: {node: '>=14.0.0'}

  strnum@2.2.3:
    resolution: {integrity: sha512-oKx6RUCuHfT3oyVjtnrmn19H1SiCqgJSg+54XqURKp5aCMbrXrhLjRN9TjuwMjiYstZ0MzDrHqkGZ5dFTKd+zg==}

  undici-types@5.26.5:
    resolution: {integrity: sha512-JlCMO+ehdEIKqlFxk6IfVoAUVmgz7cU7zD/h9XZ0qzeosSHmUJVOzSQvvYSYWXkFXC+IfLKSIffhv0sVZup6pA==}

  zod@3.23.8:
    resolution: {integrity: sha512-XBx9AXhXktjUqnepgTiE5flcKIYWi/rme0Eaj+5Y0lftuGBq+jyRu/md4WnuxqgP1ubdpNCsYEYPxrzVHD8d6g==}

snapshots:

  '@nodable/entities@2.1.0': {}

  '@types/aws-lambda@8.10.134': {}

  '@types/lodash@4.17.17': {}

  '@types/node@20.11.19':
    dependencies:
      undici-types: 5.26.5

  fast-xml-builder@1.1.5:
    dependencies:
      path-expression-matcher: 1.5.0

  fast-xml-parser@5.7.0:
    dependencies:
      '@nodable/entities': 2.1.0
      fast-xml-builder: 1.1.5
      path-expression-matcher: 1.5.0
      strnum: 2.2.3

  lodash@4.17.21: {}

  mockdate@3.0.5: {}

  path-expression-matcher@1.5.0: {}

  strnum@2.2.3: {}

  undici-types@5.26.5: {}

  zod@3.23.8: {}
