lockfileVersion: '9.0'

settings:
  autoInstallPeers: true
  excludeLinksFromLockfile: false

importers:

  .:
    dependencies:
      '@bods-integrated-data/shared':
        specifier: workspace:^
        version: link:../../shared
      kysely:
        specifier: ^0.27.3
        version: 0.27.3
      zod:
        specifier: 3.23.8
        version: 3.23.8
    devDependencies:
      '@types/aws-lambda':
        specifier: ^8.10.110
        version: 8.10.138
      '@types/node':
        specifier: ^22.13.14
        version: 22.15.32
      typescript:
        specifier: ^5.3.3
        version: 5.4.5

packages:

  '@types/aws-lambda@8.10.138':
    resolution: {integrity: sha512-71EHMl70TPWIAsFuHd85NHq6S6T2OOjiisPTrH7RgcjzpJpPh4RQJv7PvVvIxc6PIp8CLV7F9B+TdjcAES5vcA==}

  '@types/node@22.15.32':
    resolution: {integrity: sha512-3jigKqgSjsH6gYZv2nEsqdXfZqIFGAV36XYYjf9KGZ3PSG+IhLecqPnI310RvjutyMwifE2hhhNEklOUrvx/wA==}

  kysely@0.27.3:
    resolution: {integrity: sha512-lG03Ru+XyOJFsjH3OMY6R/9U38IjDPfnOfDgO3ynhbDr+Dz8fak+X6L62vqu3iybQnj+lG84OttBuU9KY3L9kA==}
    engines: {node: '>=14.0.0'}

  typescript@5.4.5:
    resolution: {integrity: sha512-vcI4UpRgg81oIRUFwR0WSIHKt11nJ7SAVlYNIu+QpqeyXP+gpQJy/Z4+F0aGxSE4MqwjyXvW/TzgkLAx2AGHwQ==}
    engines: {node: '>=14.17'}
    hasBin: true

  undici-types@6.21.0:
    resolution: {integrity: sha512-iwDZqg0QAGrg9Rav5H4n0M64c3mkR59cJ6wQp+7C4nI0gsmExaedaYLNO44eT4AtBBwjbTiGPMlt2Md0T9H9JQ==}

  zod@3.23.8:
    resolution: {integrity: sha512-XBx9AXhXktjUqnepgTiE5flcKIYWi/rme0Eaj+5Y0lftuGBq+jyRu/md4WnuxqgP1ubdpNCsYEYPxrzVHD8d6g==}

snapshots:

  '@types/aws-lambda@8.10.138': {}

  '@types/node@22.15.32':
    dependencies:
      undici-types: 6.21.0

  kysely@0.27.3: {}

  typescript@5.4.5: {}

  undici-types@6.21.0: {}

  zod@3.23.8: {}
