lockfileVersion: '6.0'

settings:
  autoInstallPeers: true
  excludeLinksFromLockfile: false

dependencies:
  '@bods-integrated-data/shared':
    specifier: workspace:^
    version: link:../../shared
  fast-xml-parser:
    specifier: ^4.4.1
    version: 4.4.1
  zod:
    specifier: ^3.23.8
    version: 3.23.8

devDependencies:
  '@types/aws-lambda':
    specifier: ^8.10.110
    version: 8.10.134
  '@types/node':
    specifier: ^20.11.19
    version: 20.11.19
  mockdate:
    specifier: ^3.0.5
    version: 3.0.5

packages:

  /@types/aws-lambda@8.10.134:
    resolution: {integrity: sha512-cfv422ivDMO+EeA3N4YcshbTHBL+5lLXe+Uz+4HXvIcsCuWvqNFpOs28ZprL8NA3qRCzt95ETiNAJDn4IcC/PA==}
    dev: true

  /@types/node@20.11.19:
    resolution: {integrity: sha512-7xMnVEcZFu0DikYjWOlRq7NTPETrm7teqUT2WkQjrTIkEgUyyGdWsj/Zg8bEJt5TNklzbPD1X3fqfsHw3SpapQ==}
    dependencies:
      undici-types: 5.26.5
    dev: true

  /fast-xml-parser@4.4.1:
    resolution: {integrity: sha512-xkjOecfnKGkSsOwtZ5Pz7Us/T6mrbPQrq0nh+aCO5V9nk5NLWmasAHumTKjiPJPWANe+kAZ84Jc8ooJkzZ88Sw==}
    hasBin: true
    dependencies:
      strnum: 1.0.5
    dev: false

  /mockdate@3.0.5:
    resolution: {integrity: sha512-iniQP4rj1FhBdBYS/+eQv7j1tadJ9lJtdzgOpvsOHng/GbcDh2Fhdeq+ZRldrPYdXvCyfFUmFeEwEGXZB5I/AQ==}
    dev: true

  /strnum@1.0.5:
    resolution: {integrity: sha512-J8bbNyKKXl5qYcR36TIO8W3mVGVHrmmxsd5PAItGkmyzwJvybiw2IVq5nqd0i4LSNSkB/sx9VHllbfFdr9k1JA==}
    dev: false

  /undici-types@5.26.5:
    resolution: {integrity: sha512-JlCMO+ehdEIKqlFxk6IfVoAUVmgz7cU7zD/h9XZ0qzeosSHmUJVOzSQvvYSYWXkFXC+IfLKSIffhv0sVZup6pA==}
    dev: true

  /zod@3.23.8:
    resolution: {integrity: sha512-XBx9AXhXktjUqnepgTiE5flcKIYWi/rme0Eaj+5Y0lftuGBq+jyRu/md4WnuxqgP1ubdpNCsYEYPxrzVHD8d6g==}
    dev: false
