lockfileVersion: '9.0'

settings:
  autoInstallPeers: true
  excludeLinksFromLockfile: false

importers:

  .:
    dependencies:
      '@bods-integrated-data/shared':
        specifier: workspace:^
        version: link:../../shared
      zod-validation-error:
        specifier: ^3.3.0
        version: 3.5.2(zod@3.25.67)

packages:

  zod-validation-error@3.5.2:
    resolution: {integrity: sha512-mdi7YOLtram5dzJ5aDtm1AG9+mxRma1iaMrZdYIpFO7epdKBUwLHIxTF8CPDeCQ828zAXYtizrKlEJAtzgfgrw==}
    engines: {node: '>=18.0.0'}
    peerDependencies:
      zod: ^3.25.0

  zod@3.25.67:
    resolution: {integrity: sha512-idA2YXwpCdqUSKRCACDE6ItZD9TZzy3OZMtpfLoh6oPR47lipysRrJfjzMqFxQ3uJuUPyUeWe1r9vLH33xO/Qw==}

snapshots:

  zod-validation-error@3.5.2(zod@3.25.67):
    dependencies:
      zod: 3.25.67

  zod@3.25.67: {}
