lockfileVersion: '9.0'

settings:
  autoInstallPeers: true
  excludeLinksFromLockfile: false

importers:

  .:
    dependencies:
      '@bods-integrated-data/shared':
        specifier: workspace:^
        version: link:../../shared
      fast-xml-parser:
        specifier: 5.7.0
        version: 5.7.0
      kysely:
        specifier: ^0.27.3
        version: 0.27.3
      zod:
        specifier: 3.23.8
        version: 3.23.8
      zod-validation-error:
        specifier: ^3.3.0
        version: 3.3.0(zod@3.23.8)
    devDependencies:
      '@types/aws-lambda':
        specifier: ^8.10.110
        version: 8.10.137
      '@types/node':
        specifier: ^20.11.19
        version: 20.12.4

packages:

  '@nodable/entities@2.1.0':
    resolution: {integrity: sha512-nyT7T3nbMyBI/lvr6L5TyWbFJAI9FTgVRakNoBqCD+PmID8DzFrrNdLLtHMwMszOtqZa8PAOV24ZqDnQrhQINA==}

  '@types/aws-lambda@8.10.137':
    resolution: {integrity: sha512-YNFwzVarXAOXkjuFxONyDw1vgRNzyH8AuyN19s0bM+ChSu/bzxb5XPxYFLXoqoM+tvgzwR3k7fXcEOW125yJxg==}

  '@types/node@20.12.4':
    resolution: {integrity: sha512-E+Fa9z3wSQpzgYQdYmme5X3OTuejnnTx88A6p6vkkJosR3KBz+HpE3kqNm98VE6cfLFcISx7zW7MsJkH6KwbTw==}

  fast-xml-builder@1.1.5:
    resolution: {integrity: sha512-4TJn/8FKLeslLAH3dnohXqE3QSoxkhvaMzepOIZytwJXZO69Bfz0HBdDHzOTOon6G59Zrk6VQ2bEiv1t61rfkA==}

  fast-xml-parser@5.7.0:
    resolution: {integrity: sha512-MTcrUoRQ1GSQ9iG3QJzBGquYYYeA7piZaJoIWbPFGbRn6Jj6z7xgoAyi4DrZX4y2ZIQQBF59gc/zmvvejjgoFQ==}
    hasBin: true

  kysely@0.27.3:
    resolution: {integrity: sha512-lG03Ru+XyOJFsjH3OMY6R/9U38IjDPfnOfDgO3ynhbDr+Dz8fak+X6L62vqu3iybQnj+lG84OttBuU9KY3L9kA==}
    engines: {node: '>=14.0.0'}

  path-expression-matcher@1.5.0:
    resolution: {integrity: sha512-cbrerZV+6rvdQrrD+iGMcZFEiiSrbv9Tfdkvnusy6y0x0GKBXREFg/Y65GhIfm0tnLntThhzCnfKwp1WRjeCyQ==}
    engines: {node: '>=14.0.0'}

  strnum@2.2.3:
    resolution: {integrity: sha512-oKx6RUCuHfT3oyVjtnrmn19H1SiCqgJSg+54XqURKp5aCMbrXrhLjRN9TjuwMjiYstZ0MzDrHqkGZ5dFTKd+zg==}

  undici-types@5.26.5:
    resolution: {integrity: sha512-JlCMO+ehdEIKqlFxk6IfVoAUVmgz7cU7zD/h9XZ0qzeosSHmUJVOzSQvvYSYWXkFXC+IfLKSIffhv0sVZup6pA==}

  zod-validation-error@3.3.0:
    resolution: {integrity: sha512-Syib9oumw1NTqEv4LT0e6U83Td9aVRk9iTXPUQr1otyV1PuXQKOvOwhMNqZIq5hluzHP2pMgnOmHEo7kPdI2mw==}
    engines: {node: '>=18.0.0'}
    peerDependencies:
      zod: ^3.18.0

  zod@3.23.8:
    resolution: {integrity: sha512-XBx9AXhXktjUqnepgTiE5flcKIYWi/rme0Eaj+5Y0lftuGBq+jyRu/md4WnuxqgP1ubdpNCsYEYPxrzVHD8d6g==}

snapshots:

  '@nodable/entities@2.1.0': {}

  '@types/aws-lambda@8.10.137': {}

  '@types/node@20.12.4':
    dependencies:
      undici-types: 5.26.5

  fast-xml-builder@1.1.5:
    dependencies:
      path-expression-matcher: 1.5.0

  fast-xml-parser@5.7.0:
    dependencies:
      '@nodable/entities': 2.1.0
      fast-xml-builder: 1.1.5
      path-expression-matcher: 1.5.0
      strnum: 2.2.3

  kysely@0.27.3: {}

  path-expression-matcher@1.5.0: {}

  strnum@2.2.3: {}

  undici-types@5.26.5: {}

  zod-validation-error@3.3.0(zod@3.23.8):
    dependencies:
      zod: 3.23.8

  zod@3.23.8: {}
