lockfileVersion: '6.0'

settings:
  autoInstallPeers: true
  excludeLinksFromLockfile: false

dependencies:
  '@bods-integrated-data/shared':
    specifier: workspace:^
    version: link:../../shared
  fast-xml-parser:
    specifier: ^4.4.1
    version: 4.4.1
  kysely:
    specifier: ^0.27.3
    version: 0.27.3
  zod:
    specifier: ^3.23.8
    version: 3.23.8
  zod-validation-error:
    specifier: ^3.3.0
    version: 3.3.0(zod@3.23.8)

devDependencies:
  '@types/aws-lambda':
    specifier: ^8.10.110
    version: 8.10.137
  '@types/node':
    specifier: ^20.11.19
    version: 20.12.4

packages:

  /@types/aws-lambda@8.10.137:
    resolution: {integrity: sha512-YNFwzVarXAOXkjuFxONyDw1vgRNzyH8AuyN19s0bM+ChSu/bzxb5XPxYFLXoqoM+tvgzwR3k7fXcEOW125yJxg==}
    dev: true

  /@types/node@20.12.4:
    resolution: {integrity: sha512-E+Fa9z3wSQpzgYQdYmme5X3OTuejnnTx88A6p6vkkJosR3KBz+HpE3kqNm98VE6cfLFcISx7zW7MsJkH6KwbTw==}
    dependencies:
      undici-types: 5.26.5
    dev: true

  /fast-xml-parser@4.4.1:
    resolution: {integrity: sha512-xkjOecfnKGkSsOwtZ5Pz7Us/T6mrbPQrq0nh+aCO5V9nk5NLWmasAHumTKjiPJPWANe+kAZ84Jc8ooJkzZ88Sw==}
    hasBin: true
    dependencies:
      strnum: 1.0.5
    dev: false

  /kysely@0.27.3:
    resolution: {integrity: sha512-lG03Ru+XyOJFsjH3OMY6R/9U38IjDPfnOfDgO3ynhbDr+Dz8fak+X6L62vqu3iybQnj+lG84OttBuU9KY3L9kA==}
    engines: {node: '>=14.0.0'}
    dev: false

  /strnum@1.0.5:
    resolution: {integrity: sha512-J8bbNyKKXl5qYcR36TIO8W3mVGVHrmmxsd5PAItGkmyzwJvybiw2IVq5nqd0i4LSNSkB/sx9VHllbfFdr9k1JA==}
    dev: false

  /undici-types@5.26.5:
    resolution: {integrity: sha512-JlCMO+ehdEIKqlFxk6IfVoAUVmgz7cU7zD/h9XZ0qzeosSHmUJVOzSQvvYSYWXkFXC+IfLKSIffhv0sVZup6pA==}
    dev: true

  /zod-validation-error@3.3.0(zod@3.23.8):
    resolution: {integrity: sha512-Syib9oumw1NTqEv4LT0e6U83Td9aVRk9iTXPUQr1otyV1PuXQKOvOwhMNqZIq5hluzHP2pMgnOmHEo7kPdI2mw==}
    engines: {node: '>=18.0.0'}
    peerDependencies:
      zod: ^3.18.0
    dependencies:
      zod: 3.23.8
    dev: false

  /zod@3.23.8:
    resolution: {integrity: sha512-XBx9AXhXktjUqnepgTiE5flcKIYWi/rme0Eaj+5Y0lftuGBq+jyRu/md4WnuxqgP1ubdpNCsYEYPxrzVHD8d6g==}
    dev: false
