lockfileVersion: '6.0'

settings:
  autoInstallPeers: true
  excludeLinksFromLockfile: false

dependencies:
  '@baselime/lambda-logger':
    specifier: ^0.2.2
    version: 0.2.2
  '@bods-integrated-data/shared':
    specifier: workspace:^
    version: link:../../shared
  zod:
    specifier: ^3.22.4
    version: 3.23.4

devDependencies:
  '@types/aws-lambda':
    specifier: ^8.10.110
    version: 8.10.137
  '@types/node':
    specifier: ^20.11.19
    version: 20.12.7

packages:

  /@baselime/lambda-logger@0.2.2:
    resolution: {integrity: sha512-32jmqKYZgVskg4aA/bLwmrO3HsklR/mutqd4U1qtCtvAWauBZ5yre/WMinJxPkdicrYS1djr1e8g9x2hQRvBDg==}
    dev: false

  /@types/aws-lambda@8.10.137:
    resolution: {integrity: sha512-YNFwzVarXAOXkjuFxONyDw1vgRNzyH8AuyN19s0bM+ChSu/bzxb5XPxYFLXoqoM+tvgzwR3k7fXcEOW125yJxg==}
    dev: true

  /@types/node@20.12.7:
    resolution: {integrity: sha512-wq0cICSkRLVaf3UGLMGItu/PtdY7oaXaI/RVU+xliKVOtRna3PRY57ZDfztpDL0n11vfymMUnXv8QwYCO7L1wg==}
    dependencies:
      undici-types: 5.26.5
    dev: true

  /undici-types@5.26.5:
    resolution: {integrity: sha512-JlCMO+ehdEIKqlFxk6IfVoAUVmgz7cU7zD/h9XZ0qzeosSHmUJVOzSQvvYSYWXkFXC+IfLKSIffhv0sVZup6pA==}
    dev: true

  /zod@3.23.4:
    resolution: {integrity: sha512-/AtWOKbBgjzEYYQRNfoGKHObgfAZag6qUJX1VbHo2PRBgS+wfWagEY2mizjfyAPcGesrJOcx/wcl0L9WnVrHFw==}
    dev: false
